// !$*UTF8*$!
{
	archiveVersion = 1;
	classes = {
	};
	objectVersion = 50;
	objects = {

/* Begin PBXBuildFile section */
		A30477A7218E69A900DAE4A8 /* AppDelegate.swift in Sources */ = {isa = PBXBuildFile; fileRef = A30477A6218E69A900DAE4A8 /* AppDelegate.swift */; };
		A30477AC218E69A900DAE4A8 /* Main.storyboard in Resources */ = {isa = PBXBuildFile; fileRef = A30477AA218E69A900DAE4A8 /* Main.storyboard */; };
		A30477AE218E69AC00DAE4A8 /* Assets.xcassets in Resources */ = {isa = PBXBuildFile; fileRef = A30477AD218E69AC00DAE4A8 /* Assets.xcassets */; };
		A30477B1218E69AC00DAE4A8 /* LaunchScreen.storyboard in Resources */ = {isa = PBXBuildFile; fileRef = A30477AF218E69AC00DAE4A8 /* LaunchScreen.storyboard */; };
		A30477C4218E78AF00DAE4A8 /* Image+Extension.swift in Sources */ = {isa = PBXBuildFile; fileRef = A30477C3218E78AF00DAE4A8 /* Image+Extension.swift */; };
		A30477CA218E7B5A00DAE4A8 /* ViewController.swift in Sources */ = {isa = PBXBuildFile; fileRef = A30477C7218E7B5A00DAE4A8 /* ViewController.swift */; };
		A30477CB218E7B5A00DAE4A8 /* VisionService.swift in Sources */ = {isa = PBXBuildFile; fileRef = A30477C8218E7B5A00DAE4A8 /* VisionService.swift */; };
		A30477CC218E7B5A00DAE4A8 /* CameraViewController.swift in Sources */ = {isa = PBXBuildFile; fileRef = A30477C9218E7B5A00DAE4A8 /* CameraViewController.swift */; };
		A30477CF218E7DA400DAE4A8 /* ViewController+Extensions.swift in Sources */ = {isa = PBXBuildFile; fileRef = A30477CE218E7DA400DAE4A8 /* ViewController+Extensions.swift */; };
		A30477D1218E80BA00DAE4A8 /* BoxService.swift in Sources */ = {isa = PBXBuildFile; fileRef = A30477D0218E80BA00DAE4A8 /* BoxService.swift */; };
		A37D91E0218E8C1900EA35EA /* OCRService.swift in Sources */ = {isa = PBXBuildFile; fileRef = A37D91DF218E8C1900EA35EA /* OCRService.swift */; };
		E432599A0C025A96C8994F8B /* Pods_Lab6.framework in Frameworks */ = {isa = PBXBuildFile; fileRef = 4310077EB4AED5348500B170 /* Pods_Lab6.framework */; };
/* End PBXBuildFile section */

/* Begin PBXFileReference section */
		2260CEACC3EFFF6A4AE8E19B /* Pods-Lab6.debug.xcconfig */ = {isa = PBXFileReference; includeInIndex = 1; lastKnownFileType = text.xcconfig; name = "Pods-Lab6.debug.xcconfig"; path = "Pods/Target Support Files/Pods-Lab6/Pods-Lab6.debug.xcconfig"; sourceTree = "<group>"; };
		4310077EB4AED5348500B170 /* Pods_Lab6.framework */ = {isa = PBXFileReference; explicitFileType = wrapper.framework; includeInIndex = 0; path = Pods_Lab6.framework; sourceTree = BUILT_PRODUCTS_DIR; };
		A30477A3218E69A900DAE4A8 /* Lab6.app */ = {isa = PBXFileReference; explicitFileType = wrapper.application; includeInIndex = 0; path = Lab6.app; sourceTree = BUILT_PRODUCTS_DIR; };
		A30477A6218E69A900DAE4A8 /* AppDelegate.swift */ = {isa = PBXFileReference; lastKnownFileType = sourcecode.swift; path = AppDelegate.swift; sourceTree = "<group>"; };
		A30477AB218E69A900DAE4A8 /* Base */ = {isa = PBXFileReference; lastKnownFileType = file.storyboard; name = Base; path = Base.lproj/Main.storyboard; sourceTree = "<group>"; };
		A30477AD218E69AC00DAE4A8 /* Assets.xcassets */ = {isa = PBXFileReference; lastKnownFileType = folder.assetcatalog; path = Assets.xcassets; sourceTree = "<group>"; };
		A30477B0218E69AC00DAE4A8 /* Base */ = {isa = PBXFileReference; lastKnownFileType = file.storyboard; name = Base; path = Base.lproj/LaunchScreen.storyboard; sourceTree = "<group>"; };
		A30477B2218E69AC00DAE4A8 /* Info.plist */ = {isa = PBXFileReference; lastKnownFileType = text.plist.xml; path = Info.plist; sourceTree = "<group>"; };
		A30477C3218E78AF00DAE4A8 /* Image+Extension.swift */ = {isa = PBXFileReference; lastKnownFileType = sourcecode.swift; path = "Image+Extension.swift"; sourceTree = "<group>"; };
		A30477C7218E7B5A00DAE4A8 /* ViewController.swift */ = {isa = PBXFileReference; fileEncoding = 4; lastKnownFileType = sourcecode.swift; path = ViewController.swift; sourceTree = "<group>"; };
		A30477C8218E7B5A00DAE4A8 /* VisionService.swift */ = {isa = PBXFileReference; fileEncoding = 4; lastKnownFileType = sourcecode.swift; path = VisionService.swift; sourceTree = "<group>"; };
		A30477C9218E7B5A00DAE4A8 /* CameraViewController.swift */ = {isa = PBXFileReference; fileEncoding = 4; lastKnownFileType = sourcecode.swift; path = CameraViewController.swift; sourceTree = "<group>"; };
		A30477CE218E7DA400DAE4A8 /* ViewController+Extensions.swift */ = {isa = PBXFileReference; lastKnownFileType = sourcecode.swift; path = "ViewController+Extensions.swift"; sourceTree = "<group>"; };
		A30477D0218E80BA00DAE4A8 /* BoxService.swift */ = {isa = PBXFileReference; fileEncoding = 4; lastKnownFileType = sourcecode.swift; path = BoxService.swift; sourceTree = "<group>"; };
		A37D91DF218E8C1900EA35EA /* OCRService.swift */ = {isa = PBXFileReference; lastKnownFileType = sourcecode.swift; path = OCRService.swift; sourceTree = "<group>"; };
		B097988323F2AC911F8CCAB1 /* Pods-Lab6.release.xcconfig */ = {isa = PBXFileReference; includeInIndex = 1; lastKnownFileType = text.xcconfig; name = "Pods-Lab6.release.xcconfig"; path = "Pods/Target Support Files/Pods-Lab6/Pods-Lab6.release.xcconfig"; sourceTree = "<group>"; };
/* End PBXFileReference section */

/* Begin PBXFrameworksBuildPhase section */
		A30477A0218E69A800DAE4A8 /* Frameworks */ = {
			isa = PBXFrameworksBuildPhase;
			buildActionMask = 2147483647;
			files = (
				E432599A0C025A96C8994F8B /* Pods_Lab6.framework in Frameworks */,
			);
			runOnlyForDeploymentPostprocessing = 0;
		};
/* End PBXFrameworksBuildPhase section */

/* Begin PBXGroup section */
		A304779A218E69A800DAE4A8 = {
			isa = PBXGroup;
			children = (
				A30477A5218E69A900DAE4A8 /* Lab6 */,
				A30477A4218E69A900DAE4A8 /* Products */,
				EFC755A265D7A24568102912 /* Pods */,
				D44D8D2745A35D5EAF4EB704 /* Frameworks */,
			);
			sourceTree = "<group>";
		};
		A30477A4218E69A900DAE4A8 /* Products */ = {
			isa = PBXGroup;
			children = (
				A30477A3218E69A900DAE4A8 /* Lab6.app */,
			);
			name = Products;
			sourceTree = "<group>";
		};
		A30477A5218E69A900DAE4A8 /* Lab6 */ = {
			isa = PBXGroup;
			children = (
				A3638862218F5B41003E0FCA /* Services */,
				A3638861218F5B24003E0FCA /* Extensions */,
				A30477CD218E7B7F00DAE4A8 /* Controllers */,
				A30477BB218E6A8500DAE4A8 /* Support Files */,
				A30477B9218E6A6500DAE4A8 /* Views */,
				A30477AD218E69AC00DAE4A8 /* Assets.xcassets */,
				A30477A6218E69A900DAE4A8 /* AppDelegate.swift */,
			);
			path = Lab6;
			sourceTree = "<group>";
		};
		A30477B9218E6A6500DAE4A8 /* Views */ = {
			isa = PBXGroup;
			children = (
				A30477AF218E69AC00DAE4A8 /* LaunchScreen.storyboard */,
				A30477AA218E69A900DAE4A8 /* Main.storyboard */,
			);
			name = Views;
			sourceTree = "<group>";
		};
		A30477BB218E6A8500DAE4A8 /* Support Files */ = {
			isa = PBXGroup;
			children = (
				A30477B2218E69AC00DAE4A8 /* Info.plist */,
			);
			name = "Support Files";
			sourceTree = "<group>";
		};
		A30477CD218E7B7F00DAE4A8 /* Controllers */ = {
			isa = PBXGroup;
			children = (
				A30477C7218E7B5A00DAE4A8 /* ViewController.swift */,
				A30477C9218E7B5A00DAE4A8 /* CameraViewController.swift */,
			);
			name = Controllers;
			sourceTree = "<group>";
		};
		A3638861218F5B24003E0FCA /* Extensions */ = {
			isa = PBXGroup;
			children = (
				A30477C3218E78AF00DAE4A8 /* Image+Extension.swift */,
				A30477CE218E7DA400DAE4A8 /* ViewController+Extensions.swift */,
			);
			name = Extensions;
			sourceTree = "<group>";
		};
		A3638862218F5B41003E0FCA /* Services */ = {
			isa = PBXGroup;
			children = (
				A30477D0218E80BA00DAE4A8 /* BoxService.swift */,
				A30477C8218E7B5A00DAE4A8 /* VisionService.swift */,
				A37D91DF218E8C1900EA35EA /* OCRService.swift */,
			);
			name = Services;
			sourceTree = "<group>";
		};
		D44D8D2745A35D5EAF4EB704 /* Frameworks */ = {
			isa = PBXGroup;
			children = (
				4310077EB4AED5348500B170 /* Pods_Lab6.framework */,
			);
			name = Frameworks;
			sourceTree = "<group>";
		};
		EFC755A265D7A24568102912 /* Pods */ = {
			isa = PBXGroup;
			children = (
				2260CEACC3EFFF6A4AE8E19B /* Pods-Lab6.debug.xcconfig */,
				B097988323F2AC911F8CCAB1 /* Pods-Lab6.release.xcconfig */,
			);
			name = Pods;
			sourceTree = "<group>";
		};
/* End PBXGroup section */

/* Begin PBXNativeTarget section */
		A30477A2218E69A800DAE4A8 /* Lab6 */ = {
			isa = PBXNativeTarget;
			buildConfigurationList = A30477B5218E69AC00DAE4A8 /* Build configuration list for PBXNativeTarget "Lab6" */;
			buildPhases = (
				997F5258ECA3E7F6810F51F0 /* [CP] Check Pods Manifest.lock */,
				A304779F218E69A800DAE4A8 /* Sources */,
				A30477A0218E69A800DAE4A8 /* Frameworks */,
				A30477A1218E69A800DAE4A8 /* Resources */,
				3DEF4030D5F9067DBFED58E8 /* [CP] Embed Pods Frameworks */,
			);
			buildRules = (
			);
			dependencies = (
			);
			name = Lab6;
			productName = Lab6;
			productReference = A30477A3218E69A900DAE4A8 /* Lab6.app */;
			productType = "com.apple.product-type.application";
		};
/* End PBXNativeTarget section */

/* Begin PBXProject section */
		A304779B218E69A800DAE4A8 /* Project object */ = {
			isa = PBXProject;
			attributes = {
				LastSwiftUpdateCheck = 1000;
				LastUpgradeCheck = 1000;
				ORGANIZATIONNAME = "Mobile Sensing";
				TargetAttributes = {
					A30477A2218E69A800DAE4A8 = {
						CreatedOnToolsVersion = 10.0;
					};
				};
			};
			buildConfigurationList = A304779E218E69A800DAE4A8 /* Build configuration list for PBXProject "Lab6" */;
			compatibilityVersion = "Xcode 9.3";
			developmentRegion = en;
			hasScannedForEncodings = 0;
			knownRegions = (
				en,
				Base,
			);
			mainGroup = A304779A218E69A800DAE4A8;
			productRefGroup = A30477A4218E69A900DAE4A8 /* Products */;
			projectDirPath = "";
			projectRoot = "";
			targets = (
				A30477A2218E69A800DAE4A8 /* Lab6 */,
			);
		};
/* End PBXProject section */

/* Begin PBXResourcesBuildPhase section */
		A30477A1218E69A800DAE4A8 /* Resources */ = {
			isa = PBXResourcesBuildPhase;
			buildActionMask = 2147483647;
			files = (
				A30477B1218E69AC00DAE4A8 /* LaunchScreen.storyboard in Resources */,
				A30477AE218E69AC00DAE4A8 /* Assets.xcassets in Resources */,
				A30477AC218E69A900DAE4A8 /* Main.storyboard in Resources */,
			);
			runOnlyForDeploymentPostprocessing = 0;
		};
/* End PBXResourcesBuildPhase section */

/* Begin PBXShellScriptBuildPhase section */
		3DEF4030D5F9067DBFED58E8 /* [CP] Embed Pods Frameworks */ = {
			isa = PBXShellScriptBuildPhase;
			buildActionMask = 2147483647;
			files = (
			);
			inputFileListPaths = (
			);
			inputPaths = (
				"${SRCROOT}/Pods/Target Support Files/Pods-Lab6/Pods-Lab6-frameworks.sh",
				"${BUILT_PRODUCTS_DIR}/Anchors/Anchors.framework",
				"${BUILT_PRODUCTS_DIR}/GPUImage/GPUImage.framework",
				"${BUILT_PRODUCTS_DIR}/SwiftOCR/SwiftOCR.framework",
			);
			name = "[CP] Embed Pods Frameworks";
			outputFileListPaths = (
			);
			outputPaths = (
				"${TARGET_BUILD_DIR}/${FRAMEWORKS_FOLDER_PATH}/Anchors.framework",
				"${TARGET_BUILD_DIR}/${FRAMEWORKS_FOLDER_PATH}/GPUImage.framework",
				"${TARGET_BUILD_DIR}/${FRAMEWORKS_FOLDER_PATH}/SwiftOCR.framework",
			);
			runOnlyForDeploymentPostprocessing = 0;
			shellPath = /bin/sh;
			shellScript = "\"${SRCROOT}/Pods/Target Support Files/Pods-Lab6/Pods-Lab6-frameworks.sh\"\n";
			showEnvVarsInLog = 0;
		};
		997F5258ECA3E7F6810F51F0 /* [CP] Check Pods Manifest.lock */ = {
			isa = PBXShellScriptBuildPhase;
			buildActionMask = 2147483647;
			files = (
			);
			inputFileListPaths = (
			);
			inputPaths = (
				"${PODS_PODFILE_DIR_PATH}/Podfile.lock",
				"${PODS_ROOT}/Manifest.lock",
			);
			name = "[CP] Check Pods Manifest.lock";
			outputFileListPaths = (
			);
			outputPaths = (
				"$(DERIVED_FILE_DIR)/Pods-Lab6-checkManifestLockResult.txt",
			);
			runOnlyForDeploymentPostprocessing = 0;
			shellPath = /bin/sh;
			shellScript = "diff \"${PODS_PODFILE_DIR_PATH}/Podfile.lock\" \"${PODS_ROOT}/Manifest.lock\" > /dev/null\nif [ $? != 0 ] ; then\n    # print error to STDERR\n    echo \"error: The sandbox is not in sync with the Podfile.lock. Run 'pod install' or update your CocoaPods installation.\" >&2\n    exit 1\nfi\n# This output is used by Xcode 'outputs' to avoid re-running this script phase.\necho \"SUCCESS\" > \"${SCRIPT_OUTPUT_FILE_0}\"\n";
			showEnvVarsInLog = 0;
		};
/* End PBXShellScriptBuildPhase section */

/* Begin PBXSourcesBuildPhase section */
		A304779F218E69A800DAE4A8 /* Sources */ = {
			isa = PBXSourcesBuildPhase;
			buildActionMask = 2147483647;
			files = (
				A37D91E0218E8C1900EA35EA /* OCRService.swift in Sources */,
				A30477C4218E78AF00DAE4A8 /* Image+Extension.swift in Sources */,
				A30477CA218E7B5A00DAE4A8 /* ViewController.swift in Sources */,
				A30477A7218E69A900DAE4A8 /* AppDelegate.swift in Sources */,
				A30477D1218E80BA00DAE4A8 /* BoxService.swift in Sources */,
				A30477CB218E7B5A00DAE4A8 /* VisionService.swift in Sources */,
				A30477CC218E7B5A00DAE4A8 /* CameraViewController.swift in Sources */,
				A30477CF218E7DA400DAE4A8 /* ViewController+Extensions.swift in Sources */,
			);
			runOnlyForDeploymentPostprocessing = 0;
		};
/* End PBXSourcesBuildPhase section */

/* Begin PBXVariantGroup section */
		A30477AA218E69A900DAE4A8 /* Main.storyboard */ = {
			isa = PBXVariantGroup;
			children = (
				A30477AB218E69A900DAE4A8 /* Base */,
			);
			name = Main.storyboard;
			sourceTree = "<group>";
		};
		A30477AF218E69AC00DAE4A8 /* LaunchScreen.storyboard */ = {
			isa = PBXVariantGroup;
			children = (
				A30477B0218E69AC00DAE4A8 /* Base */,
			);
			name = LaunchScreen.storyboard;
			sourceTree = "<group>";
		};
/* End PBXVariantGroup section */

/* Begin XCBuildConfiguration section */
		A30477B3218E69AC00DAE4A8 /* Debug */ = {
			isa = XCBuildConfiguration;
			buildSettings = {
				ALWAYS_SEARCH_USER_PATHS = NO;
				CLANG_ANALYZER_NONNULL = YES;
				CLANG_ANALYZER_NUMBER_OBJECT_CONVERSION = YES_AGGRESSIVE;
				CLANG_CXX_LANGUAGE_STANDARD = "gnu++14";
				CLANG_CXX_LIBRARY = "libc++";
				CLANG_ENABLE_MODULES = YES;
				CLANG_ENABLE_OBJC_ARC = YES;
				CLANG_ENABLE_OBJC_WEAK = YES;
				CLANG_WARN_BLOCK_CAPTURE_AUTORELEASING = YES;
				CLANG_WARN_BOOL_CONVERSION = YES;
				CLANG_WARN_COMMA = YES;
				CLANG_WARN_CONSTANT_CONVERSION = YES;
				CLANG_WARN_DEPRECATED_OBJC_IMPLEMENTATIONS = YES;
				CLANG_WARN_DIRECT_OBJC_ISA_USAGE = YES_ERROR;
				CLANG_WARN_DOCUMENTATION_COMMENTS = YES;
				CLANG_WARN_EMPTY_BODY = YES;
				CLANG_WARN_ENUM_CONVERSION = YES;
				CLANG_WARN_INFINITE_RECURSION = YES;
				CLANG_WARN_INT_CONVERSION = YES;
				CLANG_WARN_NON_LITERAL_NULL_CONVERSION = YES;
				CLANG_WARN_OBJC_IMPLICIT_RETAIN_SELF = YES;
				CLANG_WARN_OBJC_LITERAL_CONVERSION = YES;
				CLANG_WARN_OBJC_ROOT_CLASS = YES_ERROR;
				CLANG_WARN_RANGE_LOOP_ANALYSIS = YES;
				CLANG_WARN_STRICT_PROTOTYPES = YES;
				CLANG_WARN_SUSPICIOUS_MOVE = YES;
				CLANG_WARN_UNGUARDED_AVAILABILITY = YES_AGGRESSIVE;
				CLANG_WARN_UNREACHABLE_CODE = YES;
				CLANG_WARN__DUPLICATE_METHOD_MATCH = YES;
				CODE_SIGN_IDENTITY = "iPhone Developer";
				COPY_PHASE_STRIP = NO;
				DEBUG_INFORMATION_FORMAT = dwarf;
				ENABLE_STRICT_OBJC_MSGSEND = YES;
				ENABLE_TESTABILITY = YES;
				GCC_C_LANGUAGE_STANDARD = gnu11;
				GCC_DYNAMIC_NO_PIC = NO;
				GCC_NO_COMMON_BLOCKS = YES;
				GCC_OPTIMIZATION_LEVEL = 0;
				GCC_PREPROCESSOR_DEFINITIONS = (
					"DEBUG=1",
					"$(inherited)",
				);
				GCC_WARN_64_TO_32_BIT_CONVERSION = YES;
				GCC_WARN_ABOUT_RETURN_TYPE = YES_ERROR;
				GCC_WARN_UNDECLARED_SELECTOR = YES;
				GCC_WARN_UNINITIALIZED_AUTOS = YES_AGGRESSIVE;
				GCC_WARN_UNUSED_FUNCTION = YES;
				GCC_WARN_UNUSED_VARIABLE = YES;
				IPHONEOS_DEPLOYMENT_TARGET = 12.0;
				MTL_ENABLE_DEBUG_INFO = INCLUDE_SOURCE;
				MTL_FAST_MATH = YES;
				ONLY_ACTIVE_ARCH = YES;
				SDKROOT = iphoneos;
				SWIFT_ACTIVE_COMPILATION_CONDITIONS = DEBUG;
				SWIFT_OPTIMIZATION_LEVEL = "-Onone";
			};
			name = Debug;
		};
		A30477B4218E69AC00DAE4A8 /* Release */ = {
			isa = XCBuildConfiguration;
			buildSettings = {
				ALWAYS_SEARCH_USER_PATHS = NO;
				CLANG_ANALYZER_NONNULL = YES;
				CLANG_ANALYZER_NUMBER_OBJECT_CONVERSION = YES_AGGRESSIVE;
				CLANG_CXX_LANGUAGE_STANDARD = "gnu++14";
				CLANG_CXX_LIBRARY = "libc++";
				CLANG_ENABLE_MODULES = YES;
				CLANG_ENABLE_OBJC_ARC = YES;
				CLANG_ENABLE_OBJC_WEAK = YES;
				CLANG_WARN_BLOCK_CAPTURE_AUTORELEASING = YES;
				CLANG_WARN_BOOL_CONVERSION = YES;
				CLANG_WARN_COMMA = YES;
				CLANG_WARN_CONSTANT_CONVERSION = YES;
				CLANG_WARN_DEPRECATED_OBJC_IMPLEMENTATIONS = YES;
				CLANG_WARN_DIRECT_OBJC_ISA_USAGE = YES_ERROR;
				CLANG_WARN_DOCUMENTATION_COMMENTS = YES;
				CLANG_WARN_EMPTY_BODY = YES;
				CLANG_WARN_ENUM_CONVERSION = YES;
				CLANG_WARN_INFINITE_RECURSION = YES;
				CLANG_WARN_INT_CONVERSION = YES;
				CLANG_WARN_NON_LITERAL_NULL_CONVERSION = YES;
				CLANG_WARN_OBJC_IMPLICIT_RETAIN_SELF = YES;
				CLANG_WARN_OBJC_LITERAL_CONVERSION = YES;
				CLANG_WARN_OBJC_ROOT_CLASS = YES_ERROR;
				CLANG_WARN_RANGE_LOOP_ANALYSIS = YES;
				CLANG_WARN_STRICT_PROTOTYPES = YES;
				CLANG_WARN_SUSPICIOUS_MOVE = YES;
				CLANG_WARN_UNGUARDED_AVAILABILITY = YES_AGGRESSIVE;
				CLANG_WARN_UNREACHABLE_CODE = YES;
				CLANG_WARN__DUPLICATE_METHOD_MATCH = YES;
				CODE_SIGN_IDENTITY = "iPhone Developer";
				COPY_PHASE_STRIP = NO;
				DEBUG_INFORMATION_FORMAT = "dwarf-with-dsym";
				ENABLE_NS_ASSERTIONS = NO;
				ENABLE_STRICT_OBJC_MSGSEND = YES;
				GCC_C_LANGUAGE_STANDARD = gnu11;
				GCC_NO_COMMON_BLOCKS = YES;
				GCC_WARN_64_TO_32_BIT_CONVERSION = YES;
				GCC_WARN_ABOUT_RETURN_TYPE = YES_ERROR;
				GCC_WARN_UNDECLARED_SELECTOR = YES;
				GCC_WARN_UNINITIALIZED_AUTOS = YES_AGGRESSIVE;
				GCC_WARN_UNUSED_FUNCTION = YES;
				GCC_WARN_UNUSED_VARIABLE = YES;
				IPHONEOS_DEPLOYMENT_TARGET = 12.0;
				MTL_ENABLE_DEBUG_INFO = NO;
				MTL_FAST_MATH = YES;
				SDKROOT = iphoneos;
				SWIFT_COMPILATION_MODE = wholemodule;
				SWIFT_OPTIMIZATION_LEVEL = "-O";
				VALIDATE_PRODUCT = YES;
			};
			name = Release;
		};
		A30477B6218E69AC00DAE4A8 /* Debug */ = {
			isa = XCBuildConfiguration;
			baseConfigurationReference = 2260CEACC3EFFF6A4AE8E19B /* Pods-Lab6.debug.xcconfig */;
			buildSettings = {
				ASSETCATALOG_COMPILER_APPICON_NAME = AppIcon;
				CODE_SIGN_STYLE = Automatic;
				DEVELOPMENT_TEAM = 5263K5LLWX;
				INFOPLIST_FILE = Lab6/Info.plist;
				LD_RUNPATH_SEARCH_PATHS = (
					"$(inherited)",
					"@executable_path/Frameworks",
				);
				PRODUCT_BUNDLE_IDENTIFIER = com.MobileSensing.Lab6;
				PRODUCT_NAME = "$(TARGET_NAME)";
				SWIFT_VERSION = 4.2;
				TARGETED_DEVICE_FAMILY = "1,2";
			};
			name = Debug;
		};
		A30477B7218E69AC00DAE4A8 /* Release */ = {
			isa = XCBuildConfiguration;
			baseConfigurationReference = B097988323F2AC911F8CCAB1 /* Pods-Lab6.release.xcconfig */;
			buildSettings = {
				ASSETCATALOG_COMPILER_APPICON_NAME = AppIcon;
				CODE_SIGN_STYLE = Automatic;
				DEVELOPMENT_TEAM = 5263K5LLWX;
				INFOPLIST_FILE = Lab6/Info.plist;
				LD_RUNPATH_SEARCH_PATHS = (
					"$(inherited)",
					"@executable_path/Frameworks",
				);
				PRODUCT_BUNDLE_IDENTIFIER = com.MobileSensing.Lab6;
				PRODUCT_NAME = "$(TARGET_NAME)";
				SWIFT_VERSION = 4.2;
				TARGETED_DEVICE_FAMILY = "1,2";
			};
			name = Release;
		};
/* End XCBuildConfiguration section */

/* Begin XCConfigurationList section */
		A304779E218E69A800DAE4A8 /* Build configuration list for PBXProject "Lab6" */ = {
			isa = XCConfigurationList;
			buildConfigurations = (
				A30477B3218E69AC00DAE4A8 /* Debug */,
				A30477B4218E69AC00DAE4A8 /* Release */,
			);
			defaultConfigurationIsVisible = 0;
			defaultConfigurationName = Release;
		};
		A30477B5218E69AC00DAE4A8 /* Build configuration list for PBXNativeTarget "Lab6" */ = {
			isa = XCConfigurationList;
			buildConfigurations = (
				A30477B6218E69AC00DAE4A8 /* Debug */,
				A30477B7218E69AC00DAE4A8 /* Release */,
			);
			defaultConfigurationIsVisible = 0;
			defaultConfigurationName = Release;
		};
/* End XCConfigurationList section */
	};
	rootObject = A304779B218E69A800DAE4A8 /* Project object */;
}
