// !$*UTF8*$!
{
	archiveVersion = 1;
	classes = {
	};
	objectVersion = 50;
	objects = {

/* Begin PBXBuildFile section */
		A36F2831214745AD00E83512 /* AppDelegate.m in Sources */ = {isa = PBXBuildFile; fileRef = A36F2830214745AD00E83512 /* AppDelegate.m */; };
		A36F2834214745AD00E83512 /* ViewController.m in Sources */ = {isa = PBXBuildFile; fileRef = A36F2833214745AD00E83512 /* ViewController.m */; };
		A36F2837214745AD00E83512 /* Main.storyboard in Resources */ = {isa = PBXBuildFile; fileRef = A36F2835214745AD00E83512 /* Main.storyboard */; };
		A36F283C214745AE00E83512 /* Assets.xcassets in Resources */ = {isa = PBXBuildFile; fileRef = A36F283B214745AE00E83512 /* Assets.xcassets */; };
		A36F283F214745AE00E83512 /* LaunchScreen.storyboard in Resources */ = {isa = PBXBuildFile; fileRef = A36F283D214745AE00E83512 /* LaunchScreen.storyboard */; };
		A36F2842214745AE00E83512 /* main.m in Sources */ = {isa = PBXBuildFile; fileRef = A36F2841214745AE00E83512 /* main.m */; };
		A36F284E2147484000E83512 /* Lab2.xcdatamodeld in Sources */ = {isa = PBXBuildFile; fileRef = A36F284C2147484000E83512 /* Lab2.xcdatamodeld */; };
/* End PBXBuildFile section */

/* Begin PBXFileReference section */
		A36F282C214745AD00E83512 /* Lab2.app */ = {isa = PBXFileReference; explicitFileType = wrapper.application; includeInIndex = 0; path = Lab2.app; sourceTree = BUILT_PRODUCTS_DIR; };
		A36F282F214745AD00E83512 /* AppDelegate.h */ = {isa = PBXFileReference; lastKnownFileType = sourcecode.c.h; name = AppDelegate.h; path = "Lab2/Support Files/AppDelegate.h"; sourceTree = SOURCE_ROOT; };
		A36F2830214745AD00E83512 /* AppDelegate.m */ = {isa = PBXFileReference; lastKnownFileType = sourcecode.c.objc; name = AppDelegate.m; path = "Lab2/Support Files/AppDelegate.m"; sourceTree = SOURCE_ROOT; };
		A36F2832214745AD00E83512 /* ViewController.h */ = {isa = PBXFileReference; lastKnownFileType = sourcecode.c.h; name = ViewController.h; path = Lab2/Controllers/ViewController.h; sourceTree = SOURCE_ROOT; };
		A36F2833214745AD00E83512 /* ViewController.m */ = {isa = PBXFileReference; lastKnownFileType = sourcecode.c.objc; name = ViewController.m; path = Lab2/Controllers/ViewController.m; sourceTree = SOURCE_ROOT; };
		A36F2836214745AD00E83512 /* Base */ = {isa = PBXFileReference; lastKnownFileType = file.storyboard; name = Base; path = Base.lproj/Main.storyboard; sourceTree = "<group>"; };
		A36F283B214745AE00E83512 /* Assets.xcassets */ = {isa = PBXFileReference; lastKnownFileType = folder.assetcatalog; path = Assets.xcassets; sourceTree = "<group>"; };
		A36F283E214745AE00E83512 /* Base */ = {isa = PBXFileReference; lastKnownFileType = file.storyboard; name = Base; path = Base.lproj/LaunchScreen.storyboard; sourceTree = "<group>"; };
		A36F2840214745AE00E83512 /* Info.plist */ = {isa = PBXFileReference; lastKnownFileType = text.plist.xml; name = Info.plist; path = "Lab2/Support Files/Info.plist"; sourceTree = SOURCE_ROOT; };
		A36F2841214745AE00E83512 /* main.m */ = {isa = PBXFileReference; lastKnownFileType = sourcecode.c.objc; name = main.m; path = "Lab2/Support Files/main.m"; sourceTree = SOURCE_ROOT; };
		A36F284D2147484000E83512 /* Lab2.xcdatamodel */ = {isa = PBXFileReference; lastKnownFileType = wrapper.xcdatamodel; path = Lab2.xcdatamodel; sourceTree = "<group>"; };
/* End PBXFileReference section */

/* Begin PBXFrameworksBuildPhase section */
		A36F2829214745AD00E83512 /* Frameworks */ = {
			isa = PBXFrameworksBuildPhase;
			buildActionMask = 2147483647;
			files = (
			);
			runOnlyForDeploymentPostprocessing = 0;
		};
/* End PBXFrameworksBuildPhase section */

/* Begin PBXGroup section */
		A36F2823214745AD00E83512 = {
			isa = PBXGroup;
			children = (
				A36F282E214745AD00E83512 /* Lab2 */,
				A36F282D214745AD00E83512 /* Products */,
			);
			sourceTree = "<group>";
		};
		A36F282D214745AD00E83512 /* Products */ = {
			isa = PBXGroup;
			children = (
				A36F282C214745AD00E83512 /* Lab2.app */,
			);
			name = Products;
			sourceTree = "<group>";
		};
		A36F282E214745AD00E83512 /* Lab2 */ = {
			isa = PBXGroup;
			children = (
				A36F2848214745B800E83512 /* Models */,
				A36F284A214745EE00E83512 /* Controllers */,
				A36F284F2147486B00E83512 /* Views */,
				A36F284B214745FF00E83512 /* Support Files */,
			);
			path = Lab2;
			sourceTree = "<group>";
		};
		A36F2848214745B800E83512 /* Models */ = {
			isa = PBXGroup;
			children = (
			);
			path = Models;
			sourceTree = "<group>";
		};
		A36F284A214745EE00E83512 /* Controllers */ = {
			isa = PBXGroup;
			children = (
				A36F2832214745AD00E83512 /* ViewController.h */,
				A36F2833214745AD00E83512 /* ViewController.m */,
			);
			path = Controllers;
			sourceTree = "<group>";
		};
		A36F284B214745FF00E83512 /* Support Files */ = {
			isa = PBXGroup;
			children = (
				A36F283B214745AE00E83512 /* Assets.xcassets */,
				A36F284C2147484000E83512 /* Lab2.xcdatamodeld */,
				A36F2840214745AE00E83512 /* Info.plist */,
				A36F282F214745AD00E83512 /* AppDelegate.h */,
				A36F2830214745AD00E83512 /* AppDelegate.m */,
				A36F2841214745AE00E83512 /* main.m */,
			);
			path = "Support Files";
			sourceTree = "<group>";
		};
		A36F284F2147486B00E83512 /* Views */ = {
			isa = PBXGroup;
			children = (
				A36F2835214745AD00E83512 /* Main.storyboard */,
				A36F283D214745AE00E83512 /* LaunchScreen.storyboard */,
			);
			path = Views;
			sourceTree = "<group>";
		};
/* End PBXGroup section */

/* Begin PBXNativeTarget section */
		A36F282B214745AD00E83512 /* Lab2 */ = {
			isa = PBXNativeTarget;
			buildConfigurationList = A36F2845214745AE00E83512 /* Build configuration list for PBXNativeTarget "Lab2" */;
			buildPhases = (
				A36F2828214745AD00E83512 /* Sources */,
				A36F2829214745AD00E83512 /* Frameworks */,
				A36F282A214745AD00E83512 /* Resources */,
			);
			buildRules = (
			);
			dependencies = (
			);
			name = Lab2;
			productName = Lab2;
			productReference = A36F282C214745AD00E83512 /* Lab2.app */;
			productType = "com.apple.product-type.application";
		};
/* End PBXNativeTarget section */

/* Begin PBXProject section */
		A36F2824214745AD00E83512 /* Project object */ = {
			isa = PBXProject;
			attributes = {
				LastUpgradeCheck = 0930;
				ORGANIZATIONNAME = "Mobile Sensing";
				TargetAttributes = {
					A36F282B214745AD00E83512 = {
						CreatedOnToolsVersion = 9.3.1;
					};
				};
			};
			buildConfigurationList = A36F2827214745AD00E83512 /* Build configuration list for PBXProject "Lab2" */;
			compatibilityVersion = "Xcode 9.3";
			developmentRegion = en;
			hasScannedForEncodings = 0;
			knownRegions = (
				en,
				Base,
			);
			mainGroup = A36F2823214745AD00E83512;
			productRefGroup = A36F282D214745AD00E83512 /* Products */;
			projectDirPath = "";
			projectRoot = "";
			targets = (
				A36F282B214745AD00E83512 /* Lab2 */,
			);
		};
/* End PBXProject section */

/* Begin PBXResourcesBuildPhase section */
		A36F282A214745AD00E83512 /* Resources */ = {
			isa = PBXResourcesBuildPhase;
			buildActionMask = 2147483647;
			files = (
				A36F283F214745AE00E83512 /* LaunchScreen.storyboard in Resources */,
				A36F283C214745AE00E83512 /* Assets.xcassets in Resources */,
				A36F2837214745AD00E83512 /* Main.storyboard in Resources */,
			);
			runOnlyForDeploymentPostprocessing = 0;
		};
/* End PBXResourcesBuildPhase section */

/* Begin PBXSourcesBuildPhase section */
		A36F2828214745AD00E83512 /* Sources */ = {
			isa = PBXSourcesBuildPhase;
			buildActionMask = 2147483647;
			files = (
				A36F2834214745AD00E83512 /* ViewController.m in Sources */,
				A36F2842214745AE00E83512 /* main.m in Sources */,
				A36F284E2147484000E83512 /* Lab2.xcdatamodeld in Sources */,
				A36F2831214745AD00E83512 /* AppDelegate.m in Sources */,
			);
			runOnlyForDeploymentPostprocessing = 0;
		};
/* End PBXSourcesBuildPhase section */

/* Begin PBXVariantGroup section */
		A36F2835214745AD00E83512 /* Main.storyboard */ = {
			isa = PBXVariantGroup;
			children = (
				A36F2836214745AD00E83512 /* Base */,
			);
			name = Main.storyboard;
			sourceTree = "<group>";
		};
		A36F283D214745AE00E83512 /* LaunchScreen.storyboard */ = {
			isa = PBXVariantGroup;
			children = (
				A36F283E214745AE00E83512 /* Base */,
			);
			name = LaunchScreen.storyboard;
			sourceTree = "<group>";
		};
/* End PBXVariantGroup section */

/* Begin XCBuildConfiguration section */
		A36F2843214745AE00E83512 /* Debug */ = {
			isa = XCBuildConfiguration;
			buildSettings = {
				ALWAYS_SEARCH_USER_PATHS = NO;
				CLANG_ANALYZER_NONNULL = YES;
				CLANG_ANALYZER_NUMBER_OBJECT_CONVERSION = YES_AGGRESSIVE;
				CLANG_CXX_LANGUAGE_STANDARD = "gnu++14";
				CLANG_CXX_LIBRARY = "libc++";
				CLANG_ENABLE_MODULES = YES;
				CLANG_ENABLE_OBJC_ARC = YES;
				CLANG_ENABLE_OBJC_WEAK = YES;
				CLANG_WARN_BLOCK_CAPTURE_AUTORELEASING = YES;
				CLANG_WARN_BOOL_CONVERSION = YES;
				CLANG_WARN_COMMA = YES;
				CLANG_WARN_CONSTANT_CONVERSION = YES;
				CLANG_WARN_DEPRECATED_OBJC_IMPLEMENTATIONS = YES;
				CLANG_WARN_DIRECT_OBJC_ISA_USAGE = YES_ERROR;
				CLANG_WARN_DOCUMENTATION_COMMENTS = YES;
				CLANG_WARN_EMPTY_BODY = YES;
				CLANG_WARN_ENUM_CONVERSION = YES;
				CLANG_WARN_INFINITE_RECURSION = YES;
				CLANG_WARN_INT_CONVERSION = YES;
				CLANG_WARN_NON_LITERAL_NULL_CONVERSION = YES;
				CLANG_WARN_OBJC_IMPLICIT_RETAIN_SELF = YES;
				CLANG_WARN_OBJC_LITERAL_CONVERSION = YES;
				CLANG_WARN_OBJC_ROOT_CLASS = YES_ERROR;
				CLANG_WARN_RANGE_LOOP_ANALYSIS = YES;
				CLANG_WARN_STRICT_PROTOTYPES = YES;
				CLANG_WARN_SUSPICIOUS_MOVE = YES;
				CLANG_WARN_UNGUARDED_AVAILABILITY = YES_AGGRESSIVE;
				CLANG_WARN_UNREACHABLE_CODE = YES;
				CLANG_WARN__DUPLICATE_METHOD_MATCH = YES;
				CODE_SIGN_IDENTITY = "iPhone Developer";
				COPY_PHASE_STRIP = NO;
				DEBUG_INFORMATION_FORMAT = dwarf;
				ENABLE_STRICT_OBJC_MSGSEND = YES;
				ENABLE_TESTABILITY = YES;
				GCC_C_LANGUAGE_STANDARD = gnu11;
				GCC_DYNAMIC_NO_PIC = NO;
				GCC_NO_COMMON_BLOCKS = YES;
				GCC_OPTIMIZATION_LEVEL = 0;
				GCC_PREPROCESSOR_DEFINITIONS = (
					"DEBUG=1",
					"$(inherited)",
				);
				GCC_WARN_64_TO_32_BIT_CONVERSION = YES;
				GCC_WARN_ABOUT_RETURN_TYPE = YES_ERROR;
				GCC_WARN_UNDECLARED_SELECTOR = YES;
				GCC_WARN_UNINITIALIZED_AUTOS = YES_AGGRESSIVE;
				GCC_WARN_UNUSED_FUNCTION = YES;
				GCC_WARN_UNUSED_VARIABLE = YES;
				IPHONEOS_DEPLOYMENT_TARGET = 11.3;
				MTL_ENABLE_DEBUG_INFO = YES;
				ONLY_ACTIVE_ARCH = YES;
				SDKROOT = iphoneos;
			};
			name = Debug;
		};
		A36F2844214745AE00E83512 /* Release */ = {
			isa = XCBuildConfiguration;
			buildSettings = {
				ALWAYS_SEARCH_USER_PATHS = NO;
				CLANG_ANALYZER_NONNULL = YES;
				CLANG_ANALYZER_NUMBER_OBJECT_CONVERSION = YES_AGGRESSIVE;
				CLANG_CXX_LANGUAGE_STANDARD = "gnu++14";
				CLANG_CXX_LIBRARY = "libc++";
				CLANG_ENABLE_MODULES = YES;
				CLANG_ENABLE_OBJC_ARC = YES;
				CLANG_ENABLE_OBJC_WEAK = YES;
				CLANG_WARN_BLOCK_CAPTURE_AUTORELEASING = YES;
				CLANG_WARN_BOOL_CONVERSION = YES;
				CLANG_WARN_COMMA = YES;
				CLANG_WARN_CONSTANT_CONVERSION = YES;
				CLANG_WARN_DEPRECATED_OBJC_IMPLEMENTATIONS = YES;
				CLANG_WARN_DIRECT_OBJC_ISA_USAGE = YES_ERROR;
				CLANG_WARN_DOCUMENTATION_COMMENTS = YES;
				CLANG_WARN_EMPTY_BODY = YES;
				CLANG_WARN_ENUM_CONVERSION = YES;
				CLANG_WARN_INFINITE_RECURSION = YES;
				CLANG_WARN_INT_CONVERSION = YES;
				CLANG_WARN_NON_LITERAL_NULL_CONVERSION = YES;
				CLANG_WARN_OBJC_IMPLICIT_RETAIN_SELF = YES;
				CLANG_WARN_OBJC_LITERAL_CONVERSION = YES;
				CLANG_WARN_OBJC_ROOT_CLASS = YES_ERROR;
				CLANG_WARN_RANGE_LOOP_ANALYSIS = YES;
				CLANG_WARN_STRICT_PROTOTYPES = YES;
				CLANG_WARN_SUSPICIOUS_MOVE = YES;
				CLANG_WARN_UNGUARDED_AVAILABILITY = YES_AGGRESSIVE;
				CLANG_WARN_UNREACHABLE_CODE = YES;
				CLANG_WARN__DUPLICATE_METHOD_MATCH = YES;
				CODE_SIGN_IDENTITY = "iPhone Developer";
				COPY_PHASE_STRIP = NO;
				DEBUG_INFORMATION_FORMAT = "dwarf-with-dsym";
				ENABLE_NS_ASSERTIONS = NO;
				ENABLE_STRICT_OBJC_MSGSEND = YES;
				GCC_C_LANGUAGE_STANDARD = gnu11;
				GCC_NO_COMMON_BLOCKS = YES;
				GCC_WARN_64_TO_32_BIT_CONVERSION = YES;
				GCC_WARN_ABOUT_RETURN_TYPE = YES_ERROR;
				GCC_WARN_UNDECLARED_SELECTOR = YES;
				GCC_WARN_UNINITIALIZED_AUTOS = YES_AGGRESSIVE;
				GCC_WARN_UNUSED_FUNCTION = YES;
				GCC_WARN_UNUSED_VARIABLE = YES;
				IPHONEOS_DEPLOYMENT_TARGET = 11.3;
				MTL_ENABLE_DEBUG_INFO = NO;
				SDKROOT = iphoneos;
				VALIDATE_PRODUCT = YES;
			};
			name = Release;
		};
		A36F2846214745AE00E83512 /* Debug */ = {
			isa = XCBuildConfiguration;
			buildSettings = {
				ASSETCATALOG_COMPILER_APPICON_NAME = AppIcon;
				CODE_SIGN_STYLE = Automatic;
				DEVELOPMENT_TEAM = 5263K5LLWX;
				INFOPLIST_FILE = "Lab2/Support Files/Info.plist";
				LD_RUNPATH_SEARCH_PATHS = (
					"$(inherited)",
					"@executable_path/Frameworks",
				);
				PRODUCT_BUNDLE_IDENTIFIER = com.MobileSensing.Lab2;
				PRODUCT_NAME = "$(TARGET_NAME)";
				TARGETED_DEVICE_FAMILY = "1,2";
			};
			name = Debug;
		};
		A36F2847214745AE00E83512 /* Release */ = {
			isa = XCBuildConfiguration;
			buildSettings = {
				ASSETCATALOG_COMPILER_APPICON_NAME = AppIcon;
				CODE_SIGN_STYLE = Automatic;
				DEVELOPMENT_TEAM = 5263K5LLWX;
				INFOPLIST_FILE = "Lab2/Support Files/Info.plist";
				LD_RUNPATH_SEARCH_PATHS = (
					"$(inherited)",
					"@executable_path/Frameworks",
				);
				PRODUCT_BUNDLE_IDENTIFIER = com.MobileSensing.Lab2;
				PRODUCT_NAME = "$(TARGET_NAME)";
				TARGETED_DEVICE_FAMILY = "1,2";
			};
			name = Release;
		};
/* End XCBuildConfiguration section */

/* Begin XCConfigurationList section */
		A36F2827214745AD00E83512 /* Build configuration list for PBXProject "Lab2" */ = {
			isa = XCConfigurationList;
			buildConfigurations = (
				A36F2843214745AE00E83512 /* Debug */,
				A36F2844214745AE00E83512 /* Release */,
			);
			defaultConfigurationIsVisible = 0;
			defaultConfigurationName = Release;
		};
		A36F2845214745AE00E83512 /* Build configuration list for PBXNativeTarget "Lab2" */ = {
			isa = XCConfigurationList;
			buildConfigurations = (
				A36F2846214745AE00E83512 /* Debug */,
				A36F2847214745AE00E83512 /* Release */,
			);
			defaultConfigurationIsVisible = 0;
			defaultConfigurationName = Release;
		};
/* End XCConfigurationList section */

/* Begin XCVersionGroup section */
		A36F284C2147484000E83512 /* Lab2.xcdatamodeld */ = {
			isa = XCVersionGroup;
			children = (
				A36F284D2147484000E83512 /* Lab2.xcdatamodel */,
			);
			currentVersion = A36F284D2147484000E83512 /* Lab2.xcdatamodel */;
			path = Lab2.xcdatamodeld;
			sourceTree = "<group>";
			versionGroupType = wrapper.xcdatamodel;
		};
/* End XCVersionGroup section */
	};
	rootObject = A36F2824214745AD00E83512 /* Project object */;
}
