// !$*UTF8*$!
{
	archiveVersion = 1;
	classes = {
	};
	objectVersion = 50;
	objects = {

/* Begin PBXBuildFile section */
		A36D0AC621A1D75A00FFD74F /* AppDelegate.swift in Sources */ = {isa = PBXBuildFile; fileRef = A36D0AC521A1D75A00FFD74F /* AppDelegate.swift */; };
		A36D0AC821A1D75A00FFD74F /* ViewController.swift in Sources */ = {isa = PBXBuildFile; fileRef = A36D0AC721A1D75A00FFD74F /* ViewController.swift */; };
		A36D0ACB21A1D75A00FFD74F /* Main.storyboard in Resources */ = {isa = PBXBuildFile; fileRef = A36D0AC921A1D75A00FFD74F /* Main.storyboard */; };
		A36D0ACD21A1D75C00FFD74F /* Assets.xcassets in Resources */ = {isa = PBXBuildFile; fileRef = A36D0ACC21A1D75C00FFD74F /* Assets.xcassets */; };
		A36D0AD021A1D75C00FFD74F /* LaunchScreen.storyboard in Resources */ = {isa = PBXBuildFile; fileRef = A36D0ACE21A1D75C00FFD74F /* LaunchScreen.storyboard */; };
		F838706E21B7099B00F89CA5 /* UrlHandler.swift in Sources */ = {isa = PBXBuildFile; fileRef = F838706D21B7099B00F89CA5 /* UrlHandler.swift */; };
		F83BA2A821B89CC100B15C08 /* PythonCodeModel.mlmodel in Sources */ = {isa = PBXBuildFile; fileRef = F83BA2A721B89CC100B15C08 /* PythonCodeModel.mlmodel */; };
/* End PBXBuildFile section */

/* Begin PBXFileReference section */
		A36D0AC221A1D75A00FFD74F /* Project.app */ = {isa = PBXFileReference; explicitFileType = wrapper.application; includeInIndex = 0; path = Project.app; sourceTree = BUILT_PRODUCTS_DIR; };
		A36D0AC521A1D75A00FFD74F /* AppDelegate.swift */ = {isa = PBXFileReference; lastKnownFileType = sourcecode.swift; path = AppDelegate.swift; sourceTree = "<group>"; };
		A36D0AC721A1D75A00FFD74F /* ViewController.swift */ = {isa = PBXFileReference; lastKnownFileType = sourcecode.swift; path = ViewController.swift; sourceTree = "<group>"; };
		A36D0ACA21A1D75A00FFD74F /* Base */ = {isa = PBXFileReference; lastKnownFileType = file.storyboard; name = Base; path = Base.lproj/Main.storyboard; sourceTree = "<group>"; };
		A36D0ACC21A1D75C00FFD74F /* Assets.xcassets */ = {isa = PBXFileReference; lastKnownFileType = folder.assetcatalog; path = Assets.xcassets; sourceTree = "<group>"; };
		A36D0ACF21A1D75C00FFD74F /* Base */ = {isa = PBXFileReference; lastKnownFileType = file.storyboard; name = Base; path = Base.lproj/LaunchScreen.storyboard; sourceTree = "<group>"; };
		A36D0AD121A1D75C00FFD74F /* Info.plist */ = {isa = PBXFileReference; lastKnownFileType = text.plist.xml; path = Info.plist; sourceTree = "<group>"; };
		F838706D21B7099B00F89CA5 /* UrlHandler.swift */ = {isa = PBXFileReference; fileEncoding = 4; lastKnownFileType = sourcecode.swift; path = UrlHandler.swift; sourceTree = "<group>"; };
		F83BA2A721B89CC100B15C08 /* PythonCodeModel.mlmodel */ = {isa = PBXFileReference; lastKnownFileType = file.mlmodel; name = PythonCodeModel.mlmodel; path = ../../model/PythonCodeModel.mlmodel; sourceTree = "<group>"; };
/* End PBXFileReference section */

/* Begin PBXFrameworksBuildPhase section */
		A36D0ABF21A1D75A00FFD74F /* Frameworks */ = {
			isa = PBXFrameworksBuildPhase;
			buildActionMask = 2147483647;
			files = (
			);
			runOnlyForDeploymentPostprocessing = 0;
		};
/* End PBXFrameworksBuildPhase section */

/* Begin PBXGroup section */
		A36D0AB921A1D75A00FFD74F = {
			isa = PBXGroup;
			children = (
				A36D0AC421A1D75A00FFD74F /* Project */,
				A36D0AC321A1D75A00FFD74F /* Products */,
			);
			sourceTree = "<group>";
		};
		A36D0AC321A1D75A00FFD74F /* Products */ = {
			isa = PBXGroup;
			children = (
				A36D0AC221A1D75A00FFD74F /* Project.app */,
			);
			name = Products;
			sourceTree = "<group>";
		};
		A36D0AC421A1D75A00FFD74F /* Project */ = {
			isa = PBXGroup;
			children = (
				A36D0AD721A1D7B400FFD74F /* Controllers */,
				A36D0ADA21A1D7FA00FFD74F /* Views */,
				A36D0AD921A1D7E500FFD74F /* Support Files */,
			);
			path = Project;
			sourceTree = "<group>";
		};
		A36D0AD721A1D7B400FFD74F /* Controllers */ = {
			isa = PBXGroup;
			children = (
				A36D0AC721A1D75A00FFD74F /* ViewController.swift */,
			);
			name = Controllers;
			sourceTree = "<group>";
		};
		A36D0AD921A1D7E500FFD74F /* Support Files */ = {
			isa = PBXGroup;
			children = (
				F838706D21B7099B00F89CA5 /* UrlHandler.swift */,
				A36D0AC521A1D75A00FFD74F /* AppDelegate.swift */,
				A36D0ACC21A1D75C00FFD74F /* Assets.xcassets */,
				A36D0AD121A1D75C00FFD74F /* Info.plist */,
				F83BA2A721B89CC100B15C08 /* PythonCodeModel.mlmodel */,
			);
			name = "Support Files";
			sourceTree = "<group>";
		};
		A36D0ADA21A1D7FA00FFD74F /* Views */ = {
			isa = PBXGroup;
			children = (
				A36D0ACE21A1D75C00FFD74F /* LaunchScreen.storyboard */,
				A36D0AC921A1D75A00FFD74F /* Main.storyboard */,
			);
			name = Views;
			sourceTree = "<group>";
		};
/* End PBXGroup section */

/* Begin PBXNativeTarget section */
		A36D0AC121A1D75A00FFD74F /* Project */ = {
			isa = PBXNativeTarget;
			buildConfigurationList = A36D0AD421A1D75C00FFD74F /* Build configuration list for PBXNativeTarget "Project" */;
			buildPhases = (
				A36D0ABE21A1D75A00FFD74F /* Sources */,
				A36D0ABF21A1D75A00FFD74F /* Frameworks */,
				A36D0AC021A1D75A00FFD74F /* Resources */,
			);
			buildRules = (
			);
			dependencies = (
			);
			name = Project;
			productName = Project;
			productReference = A36D0AC221A1D75A00FFD74F /* Project.app */;
			productType = "com.apple.product-type.application";
		};
/* End PBXNativeTarget section */

/* Begin PBXProject section */
		A36D0ABA21A1D75A00FFD74F /* Project object */ = {
			isa = PBXProject;
			attributes = {
				LastSwiftUpdateCheck = 1010;
				LastUpgradeCheck = 1010;
				ORGANIZATIONNAME = "Mobile Sensing";
				TargetAttributes = {
					A36D0AC121A1D75A00FFD74F = {
						CreatedOnToolsVersion = 10.1;
					};
				};
			};
			buildConfigurationList = A36D0ABD21A1D75A00FFD74F /* Build configuration list for PBXProject "Project" */;
			compatibilityVersion = "Xcode 9.3";
			developmentRegion = en;
			hasScannedForEncodings = 0;
			knownRegions = (
				en,
				Base,
			);
			mainGroup = A36D0AB921A1D75A00FFD74F;
			productRefGroup = A36D0AC321A1D75A00FFD74F /* Products */;
			projectDirPath = "";
			projectRoot = "";
			targets = (
				A36D0AC121A1D75A00FFD74F /* Project */,
			);
		};
/* End PBXProject section */

/* Begin PBXResourcesBuildPhase section */
		A36D0AC021A1D75A00FFD74F /* Resources */ = {
			isa = PBXResourcesBuildPhase;
			buildActionMask = 2147483647;
			files = (
				A36D0AD021A1D75C00FFD74F /* LaunchScreen.storyboard in Resources */,
				A36D0ACD21A1D75C00FFD74F /* Assets.xcassets in Resources */,
				A36D0ACB21A1D75A00FFD74F /* Main.storyboard in Resources */,
			);
			runOnlyForDeploymentPostprocessing = 0;
		};
/* End PBXResourcesBuildPhase section */

/* Begin PBXSourcesBuildPhase section */
		A36D0ABE21A1D75A00FFD74F /* Sources */ = {
			isa = PBXSourcesBuildPhase;
			buildActionMask = 2147483647;
			files = (
				F838706E21B7099B00F89CA5 /* UrlHandler.swift in Sources */,
				F83BA2A821B89CC100B15C08 /* PythonCodeModel.mlmodel in Sources */,
				A36D0AC821A1D75A00FFD74F /* ViewController.swift in Sources */,
				A36D0AC621A1D75A00FFD74F /* AppDelegate.swift in Sources */,
			);
			runOnlyForDeploymentPostprocessing = 0;
		};
/* End PBXSourcesBuildPhase section */

/* Begin PBXVariantGroup section */
		A36D0AC921A1D75A00FFD74F /* Main.storyboard */ = {
			isa = PBXVariantGroup;
			children = (
				A36D0ACA21A1D75A00FFD74F /* Base */,
			);
			name = Main.storyboard;
			sourceTree = "<group>";
		};
		A36D0ACE21A1D75C00FFD74F /* LaunchScreen.storyboard */ = {
			isa = PBXVariantGroup;
			children = (
				A36D0ACF21A1D75C00FFD74F /* Base */,
			);
			name = LaunchScreen.storyboard;
			sourceTree = "<group>";
		};
/* End PBXVariantGroup section */

/* Begin XCBuildConfiguration section */
		A36D0AD221A1D75C00FFD74F /* Debug */ = {
			isa = XCBuildConfiguration;
			buildSettings = {
				ALWAYS_SEARCH_USER_PATHS = NO;
				CLANG_ANALYZER_NONNULL = YES;
				CLANG_ANALYZER_NUMBER_OBJECT_CONVERSION = YES_AGGRESSIVE;
				CLANG_CXX_LANGUAGE_STANDARD = "gnu++14";
				CLANG_CXX_LIBRARY = "libc++";
				CLANG_ENABLE_MODULES = YES;
				CLANG_ENABLE_OBJC_ARC = YES;
				CLANG_ENABLE_OBJC_WEAK = YES;
				CLANG_WARN_BLOCK_CAPTURE_AUTORELEASING = YES;
				CLANG_WARN_BOOL_CONVERSION = YES;
				CLANG_WARN_COMMA = YES;
				CLANG_WARN_CONSTANT_CONVERSION = YES;
				CLANG_WARN_DEPRECATED_OBJC_IMPLEMENTATIONS = YES;
				CLANG_WARN_DIRECT_OBJC_ISA_USAGE = YES_ERROR;
				CLANG_WARN_DOCUMENTATION_COMMENTS = YES;
				CLANG_WARN_EMPTY_BODY = YES;
				CLANG_WARN_ENUM_CONVERSION = YES;
				CLANG_WARN_INFINITE_RECURSION = YES;
				CLANG_WARN_INT_CONVERSION = YES;
				CLANG_WARN_NON_LITERAL_NULL_CONVERSION = YES;
				CLANG_WARN_OBJC_IMPLICIT_RETAIN_SELF = YES;
				CLANG_WARN_OBJC_LITERAL_CONVERSION = YES;
				CLANG_WARN_OBJC_ROOT_CLASS = YES_ERROR;
				CLANG_WARN_RANGE_LOOP_ANALYSIS = YES;
				CLANG_WARN_STRICT_PROTOTYPES = YES;
				CLANG_WARN_SUSPICIOUS_MOVE = YES;
				CLANG_WARN_UNGUARDED_AVAILABILITY = YES_AGGRESSIVE;
				CLANG_WARN_UNREACHABLE_CODE = YES;
				CLANG_WARN__DUPLICATE_METHOD_MATCH = YES;
				CODE_SIGN_IDENTITY = "iPhone Developer";
				COPY_PHASE_STRIP = NO;
				DEBUG_INFORMATION_FORMAT = dwarf;
				ENABLE_STRICT_OBJC_MSGSEND = YES;
				ENABLE_TESTABILITY = YES;
				GCC_C_LANGUAGE_STANDARD = gnu11;
				GCC_DYNAMIC_NO_PIC = NO;
				GCC_NO_COMMON_BLOCKS = YES;
				GCC_OPTIMIZATION_LEVEL = 0;
				GCC_PREPROCESSOR_DEFINITIONS = (
					"DEBUG=1",
					"$(inherited)",
				);
				GCC_WARN_64_TO_32_BIT_CONVERSION = YES;
				GCC_WARN_ABOUT_RETURN_TYPE = YES_ERROR;
				GCC_WARN_UNDECLARED_SELECTOR = YES;
				GCC_WARN_UNINITIALIZED_AUTOS = YES_AGGRESSIVE;
				GCC_WARN_UNUSED_FUNCTION = YES;
				GCC_WARN_UNUSED_VARIABLE = YES;
				IPHONEOS_DEPLOYMENT_TARGET = 12.1;
				MTL_ENABLE_DEBUG_INFO = INCLUDE_SOURCE;
				MTL_FAST_MATH = YES;
				ONLY_ACTIVE_ARCH = YES;
				SDKROOT = iphoneos;
				SWIFT_ACTIVE_COMPILATION_CONDITIONS = DEBUG;
				SWIFT_OPTIMIZATION_LEVEL = "-Onone";
			};
			name = Debug;
		};
		A36D0AD321A1D75C00FFD74F /* Release */ = {
			isa = XCBuildConfiguration;
			buildSettings = {
				ALWAYS_SEARCH_USER_PATHS = NO;
				CLANG_ANALYZER_NONNULL = YES;
				CLANG_ANALYZER_NUMBER_OBJECT_CONVERSION = YES_AGGRESSIVE;
				CLANG_CXX_LANGUAGE_STANDARD = "gnu++14";
				CLANG_CXX_LIBRARY = "libc++";
				CLANG_ENABLE_MODULES = YES;
				CLANG_ENABLE_OBJC_ARC = YES;
				CLANG_ENABLE_OBJC_WEAK = YES;
				CLANG_WARN_BLOCK_CAPTURE_AUTORELEASING = YES;
				CLANG_WARN_BOOL_CONVERSION = YES;
				CLANG_WARN_COMMA = YES;
				CLANG_WARN_CONSTANT_CONVERSION = YES;
				CLANG_WARN_DEPRECATED_OBJC_IMPLEMENTATIONS = YES;
				CLANG_WARN_DIRECT_OBJC_ISA_USAGE = YES_ERROR;
				CLANG_WARN_DOCUMENTATION_COMMENTS = YES;
				CLANG_WARN_EMPTY_BODY = YES;
				CLANG_WARN_ENUM_CONVERSION = YES;
				CLANG_WARN_INFINITE_RECURSION = YES;
				CLANG_WARN_INT_CONVERSION = YES;
				CLANG_WARN_NON_LITERAL_NULL_CONVERSION = YES;
				CLANG_WARN_OBJC_IMPLICIT_RETAIN_SELF = YES;
				CLANG_WARN_OBJC_LITERAL_CONVERSION = YES;
				CLANG_WARN_OBJC_ROOT_CLASS = YES_ERROR;
				CLANG_WARN_RANGE_LOOP_ANALYSIS = YES;
				CLANG_WARN_STRICT_PROTOTYPES = YES;
				CLANG_WARN_SUSPICIOUS_MOVE = YES;
				CLANG_WARN_UNGUARDED_AVAILABILITY = YES_AGGRESSIVE;
				CLANG_WARN_UNREACHABLE_CODE = YES;
				CLANG_WARN__DUPLICATE_METHOD_MATCH = YES;
				CODE_SIGN_IDENTITY = "iPhone Developer";
				COPY_PHASE_STRIP = NO;
				DEBUG_INFORMATION_FORMAT = "dwarf-with-dsym";
				ENABLE_NS_ASSERTIONS = NO;
				ENABLE_STRICT_OBJC_MSGSEND = YES;
				GCC_C_LANGUAGE_STANDARD = gnu11;
				GCC_NO_COMMON_BLOCKS = YES;
				GCC_WARN_64_TO_32_BIT_CONVERSION = YES;
				GCC_WARN_ABOUT_RETURN_TYPE = YES_ERROR;
				GCC_WARN_UNDECLARED_SELECTOR = YES;
				GCC_WARN_UNINITIALIZED_AUTOS = YES_AGGRESSIVE;
				GCC_WARN_UNUSED_FUNCTION = YES;
				GCC_WARN_UNUSED_VARIABLE = YES;
				IPHONEOS_DEPLOYMENT_TARGET = 12.1;
				MTL_ENABLE_DEBUG_INFO = NO;
				MTL_FAST_MATH = YES;
				SDKROOT = iphoneos;
				SWIFT_COMPILATION_MODE = wholemodule;
				SWIFT_OPTIMIZATION_LEVEL = "-O";
				VALIDATE_PRODUCT = YES;
			};
			name = Release;
		};
		A36D0AD521A1D75C00FFD74F /* Debug */ = {
			isa = XCBuildConfiguration;
			buildSettings = {
				ASSETCATALOG_COMPILER_APPICON_NAME = AppIcon;
				CODE_SIGN_STYLE = Automatic;
				DEVELOPMENT_TEAM = 554X9B982N;
				INFOPLIST_FILE = Project/Info.plist;
				LD_RUNPATH_SEARCH_PATHS = (
					"$(inherited)",
					"@executable_path/Frameworks",
				);
				PRODUCT_BUNDLE_IDENTIFIER = com.MobileSensingL.Project;
				PRODUCT_NAME = "$(TARGET_NAME)";
				SWIFT_VERSION = 4.2;
				TARGETED_DEVICE_FAMILY = "1,2";
			};
			name = Debug;
		};
		A36D0AD621A1D75C00FFD74F /* Release */ = {
			isa = XCBuildConfiguration;
			buildSettings = {
				ASSETCATALOG_COMPILER_APPICON_NAME = AppIcon;
				CODE_SIGN_STYLE = Automatic;
				DEVELOPMENT_TEAM = 554X9B982N;
				INFOPLIST_FILE = Project/Info.plist;
				LD_RUNPATH_SEARCH_PATHS = (
					"$(inherited)",
					"@executable_path/Frameworks",
				);
				PRODUCT_BUNDLE_IDENTIFIER = com.MobileSensingL.Project;
				PRODUCT_NAME = "$(TARGET_NAME)";
				SWIFT_VERSION = 4.2;
				TARGETED_DEVICE_FAMILY = "1,2";
			};
			name = Release;
		};
/* End XCBuildConfiguration section */

/* Begin XCConfigurationList section */
		A36D0ABD21A1D75A00FFD74F /* Build configuration list for PBXProject "Project" */ = {
			isa = XCConfigurationList;
			buildConfigurations = (
				A36D0AD221A1D75C00FFD74F /* Debug */,
				A36D0AD321A1D75C00FFD74F /* Release */,
			);
			defaultConfigurationIsVisible = 0;
			defaultConfigurationName = Release;
		};
		A36D0AD421A1D75C00FFD74F /* Build configuration list for PBXNativeTarget "Project" */ = {
			isa = XCConfigurationList;
			buildConfigurations = (
				A36D0AD521A1D75C00FFD74F /* Debug */,
				A36D0AD621A1D75C00FFD74F /* Release */,
			);
			defaultConfigurationIsVisible = 0;
			defaultConfigurationName = Release;
		};
/* End XCConfigurationList section */
	};
	rootObject = A36D0ABA21A1D75A00FFD74F /* Project object */;
}
