// !$*UTF8*$!
{
	archiveVersion = 1;
	classes = {
	};
	objectVersion = 50;
	objects = {

/* Begin PBXBuildFile section */
		F8B356672156DAB9003397D3 /* AppDelegate.swift in Sources */ = {isa = PBXBuildFile; fileRef = F8B356662156DAB9003397D3 /* AppDelegate.swift */; };
		F8B356692156DAB9003397D3 /* ViewController.swift in Sources */ = {isa = PBXBuildFile; fileRef = F8B356682156DAB9003397D3 /* ViewController.swift */; };
		F8B3566C2156DAB9003397D3 /* Main.storyboard in Resources */ = {isa = PBXBuildFile; fileRef = F8B3566A2156DAB9003397D3 /* Main.storyboard */; };
		F8B3566E2156DABA003397D3 /* Assets.xcassets in Resources */ = {isa = PBXBuildFile; fileRef = F8B3566D2156DABA003397D3 /* Assets.xcassets */; };
		F8B356712156DABA003397D3 /* LaunchScreen.storyboard in Resources */ = {isa = PBXBuildFile; fileRef = F8B3566F2156DABA003397D3 /* LaunchScreen.storyboard */; };
		F8B3567C2156DABA003397D3 /* Lab3Tests.swift in Sources */ = {isa = PBXBuildFile; fileRef = F8B3567B2156DABA003397D3 /* Lab3Tests.swift */; };
		F8B356872156DABA003397D3 /* Lab3UITests.swift in Sources */ = {isa = PBXBuildFile; fileRef = F8B356862156DABA003397D3 /* Lab3UITests.swift */; };
/* End PBXBuildFile section */

/* Begin PBXContainerItemProxy section */
		F8B356782156DABA003397D3 /* PBXContainerItemProxy */ = {
			isa = PBXContainerItemProxy;
			containerPortal = F8B3565B2156DAB9003397D3 /* Project object */;
			proxyType = 1;
			remoteGlobalIDString = F8B356622156DAB9003397D3;
			remoteInfo = Lab3;
		};
		F8B356832156DABA003397D3 /* PBXContainerItemProxy */ = {
			isa = PBXContainerItemProxy;
			containerPortal = F8B3565B2156DAB9003397D3 /* Project object */;
			proxyType = 1;
			remoteGlobalIDString = F8B356622156DAB9003397D3;
			remoteInfo = Lab3;
		};
/* End PBXContainerItemProxy section */

/* Begin PBXFileReference section */
		F8B356632156DAB9003397D3 /* Lab3.app */ = {isa = PBXFileReference; explicitFileType = wrapper.application; includeInIndex = 0; path = Lab3.app; sourceTree = BUILT_PRODUCTS_DIR; };
		F8B356662156DAB9003397D3 /* AppDelegate.swift */ = {isa = PBXFileReference; lastKnownFileType = sourcecode.swift; path = AppDelegate.swift; sourceTree = "<group>"; };
		F8B356682156DAB9003397D3 /* ViewController.swift */ = {isa = PBXFileReference; lastKnownFileType = sourcecode.swift; path = ViewController.swift; sourceTree = "<group>"; };
		F8B3566B2156DAB9003397D3 /* Base */ = {isa = PBXFileReference; lastKnownFileType = file.storyboard; name = Base; path = Base.lproj/Main.storyboard; sourceTree = "<group>"; };
		F8B3566D2156DABA003397D3 /* Assets.xcassets */ = {isa = PBXFileReference; lastKnownFileType = folder.assetcatalog; path = Assets.xcassets; sourceTree = "<group>"; };
		F8B356702156DABA003397D3 /* Base */ = {isa = PBXFileReference; lastKnownFileType = file.storyboard; name = Base; path = Base.lproj/LaunchScreen.storyboard; sourceTree = "<group>"; };
		F8B356722156DABA003397D3 /* Info.plist */ = {isa = PBXFileReference; lastKnownFileType = text.plist.xml; path = Info.plist; sourceTree = "<group>"; };
		F8B356772156DABA003397D3 /* Lab3Tests.xctest */ = {isa = PBXFileReference; explicitFileType = wrapper.cfbundle; includeInIndex = 0; path = Lab3Tests.xctest; sourceTree = BUILT_PRODUCTS_DIR; };
		F8B3567B2156DABA003397D3 /* Lab3Tests.swift */ = {isa = PBXFileReference; lastKnownFileType = sourcecode.swift; path = Lab3Tests.swift; sourceTree = "<group>"; };
		F8B3567D2156DABA003397D3 /* Info.plist */ = {isa = PBXFileReference; lastKnownFileType = text.plist.xml; path = Info.plist; sourceTree = "<group>"; };
		F8B356822156DABA003397D3 /* Lab3UITests.xctest */ = {isa = PBXFileReference; explicitFileType = wrapper.cfbundle; includeInIndex = 0; path = Lab3UITests.xctest; sourceTree = BUILT_PRODUCTS_DIR; };
		F8B356862156DABA003397D3 /* Lab3UITests.swift */ = {isa = PBXFileReference; lastKnownFileType = sourcecode.swift; path = Lab3UITests.swift; sourceTree = "<group>"; };
		F8B356882156DABA003397D3 /* Info.plist */ = {isa = PBXFileReference; lastKnownFileType = text.plist.xml; path = Info.plist; sourceTree = "<group>"; };
/* End PBXFileReference section */

/* Begin PBXFrameworksBuildPhase section */
		F8B356602156DAB9003397D3 /* Frameworks */ = {
			isa = PBXFrameworksBuildPhase;
			buildActionMask = 2147483647;
			files = (
			);
			runOnlyForDeploymentPostprocessing = 0;
		};
		F8B356742156DABA003397D3 /* Frameworks */ = {
			isa = PBXFrameworksBuildPhase;
			buildActionMask = 2147483647;
			files = (
			);
			runOnlyForDeploymentPostprocessing = 0;
		};
		F8B3567F2156DABA003397D3 /* Frameworks */ = {
			isa = PBXFrameworksBuildPhase;
			buildActionMask = 2147483647;
			files = (
			);
			runOnlyForDeploymentPostprocessing = 0;
		};
/* End PBXFrameworksBuildPhase section */

/* Begin PBXGroup section */
		F8B3565A2156DAB9003397D3 = {
			isa = PBXGroup;
			children = (
				F8B356652156DAB9003397D3 /* Lab3 */,
				F8B3567A2156DABA003397D3 /* Lab3Tests */,
				F8B356852156DABA003397D3 /* Lab3UITests */,
				F8B356642156DAB9003397D3 /* Products */,
			);
			sourceTree = "<group>";
		};
		F8B356642156DAB9003397D3 /* Products */ = {
			isa = PBXGroup;
			children = (
				F8B356632156DAB9003397D3 /* Lab3.app */,
				F8B356772156DABA003397D3 /* Lab3Tests.xctest */,
				F8B356822156DABA003397D3 /* Lab3UITests.xctest */,
			);
			name = Products;
			sourceTree = "<group>";
		};
		F8B356652156DAB9003397D3 /* Lab3 */ = {
			isa = PBXGroup;
			children = (
				F8CDA3B72156DAD800580F4C /* Controllers */,
				F8CDA3BA2156DAF700580F4C /* Models */,
				F8CDA3BC2156DB1A00580F4C /* Views */,
				F8CDA3BB2156DB0200580F4C /* Support Files */,
			);
			path = Lab3;
			sourceTree = "<group>";
		};
		F8B3567A2156DABA003397D3 /* Lab3Tests */ = {
			isa = PBXGroup;
			children = (
				F8B3567B2156DABA003397D3 /* Lab3Tests.swift */,
				F8B3567D2156DABA003397D3 /* Info.plist */,
			);
			path = Lab3Tests;
			sourceTree = "<group>";
		};
		F8B356852156DABA003397D3 /* Lab3UITests */ = {
			isa = PBXGroup;
			children = (
				F8B356862156DABA003397D3 /* Lab3UITests.swift */,
				F8B356882156DABA003397D3 /* Info.plist */,
			);
			path = Lab3UITests;
			sourceTree = "<group>";
		};
		F8CDA3B72156DAD800580F4C /* Controllers */ = {
			isa = PBXGroup;
			children = (
				F8B356682156DAB9003397D3 /* ViewController.swift */,
			);
			name = Controllers;
			sourceTree = "<group>";
		};
		F8CDA3BA2156DAF700580F4C /* Models */ = {
			isa = PBXGroup;
			children = (
			);
			name = Models;
			sourceTree = "<group>";
		};
		F8CDA3BB2156DB0200580F4C /* Support Files */ = {
			isa = PBXGroup;
			children = (
				F8B356722156DABA003397D3 /* Info.plist */,
				F8B3566D2156DABA003397D3 /* Assets.xcassets */,
				F8B356662156DAB9003397D3 /* AppDelegate.swift */,
			);
			name = "Support Files";
			sourceTree = "<group>";
		};
		F8CDA3BC2156DB1A00580F4C /* Views */ = {
			isa = PBXGroup;
			children = (
				F8B3566A2156DAB9003397D3 /* Main.storyboard */,
				F8B3566F2156DABA003397D3 /* LaunchScreen.storyboard */,
			);
			name = Views;
			sourceTree = "<group>";
		};
/* End PBXGroup section */

/* Begin PBXNativeTarget section */
		F8B356622156DAB9003397D3 /* Lab3 */ = {
			isa = PBXNativeTarget;
			buildConfigurationList = F8B3568B2156DABA003397D3 /* Build configuration list for PBXNativeTarget "Lab3" */;
			buildPhases = (
				F8B3565F2156DAB9003397D3 /* Sources */,
				F8B356602156DAB9003397D3 /* Frameworks */,
				F8B356612156DAB9003397D3 /* Resources */,
			);
			buildRules = (
			);
			dependencies = (
			);
			name = Lab3;
			productName = Lab3;
			productReference = F8B356632156DAB9003397D3 /* Lab3.app */;
			productType = "com.apple.product-type.application";
		};
		F8B356762156DABA003397D3 /* Lab3Tests */ = {
			isa = PBXNativeTarget;
			buildConfigurationList = F8B3568E2156DABA003397D3 /* Build configuration list for PBXNativeTarget "Lab3Tests" */;
			buildPhases = (
				F8B356732156DABA003397D3 /* Sources */,
				F8B356742156DABA003397D3 /* Frameworks */,
				F8B356752156DABA003397D3 /* Resources */,
			);
			buildRules = (
			);
			dependencies = (
				F8B356792156DABA003397D3 /* PBXTargetDependency */,
			);
			name = Lab3Tests;
			productName = Lab3Tests;
			productReference = F8B356772156DABA003397D3 /* Lab3Tests.xctest */;
			productType = "com.apple.product-type.bundle.unit-test";
		};
		F8B356812156DABA003397D3 /* Lab3UITests */ = {
			isa = PBXNativeTarget;
			buildConfigurationList = F8B356912156DABA003397D3 /* Build configuration list for PBXNativeTarget "Lab3UITests" */;
			buildPhases = (
				F8B3567E2156DABA003397D3 /* Sources */,
				F8B3567F2156DABA003397D3 /* Frameworks */,
				F8B356802156DABA003397D3 /* Resources */,
			);
			buildRules = (
			);
			dependencies = (
				F8B356842156DABA003397D3 /* PBXTargetDependency */,
			);
			name = Lab3UITests;
			productName = Lab3UITests;
			productReference = F8B356822156DABA003397D3 /* Lab3UITests.xctest */;
			productType = "com.apple.product-type.bundle.ui-testing";
		};
/* End PBXNativeTarget section */

/* Begin PBXProject section */
		F8B3565B2156DAB9003397D3 /* Project object */ = {
			isa = PBXProject;
			attributes = {
				LastSwiftUpdateCheck = 1000;
				LastUpgradeCheck = 1000;
				ORGANIZATIONNAME = "Jake Carlson";
				TargetAttributes = {
					F8B356622156DAB9003397D3 = {
						CreatedOnToolsVersion = 10.0;
					};
					F8B356762156DABA003397D3 = {
						CreatedOnToolsVersion = 10.0;
						TestTargetID = F8B356622156DAB9003397D3;
					};
					F8B356812156DABA003397D3 = {
						CreatedOnToolsVersion = 10.0;
						TestTargetID = F8B356622156DAB9003397D3;
					};
				};
			};
			buildConfigurationList = F8B3565E2156DAB9003397D3 /* Build configuration list for PBXProject "Lab3" */;
			compatibilityVersion = "Xcode 9.3";
			developmentRegion = en;
			hasScannedForEncodings = 0;
			knownRegions = (
				en,
				Base,
			);
			mainGroup = F8B3565A2156DAB9003397D3;
			productRefGroup = F8B356642156DAB9003397D3 /* Products */;
			projectDirPath = "";
			projectRoot = "";
			targets = (
				F8B356622156DAB9003397D3 /* Lab3 */,
				F8B356762156DABA003397D3 /* Lab3Tests */,
				F8B356812156DABA003397D3 /* Lab3UITests */,
			);
		};
/* End PBXProject section */

/* Begin PBXResourcesBuildPhase section */
		F8B356612156DAB9003397D3 /* Resources */ = {
			isa = PBXResourcesBuildPhase;
			buildActionMask = 2147483647;
			files = (
				F8B356712156DABA003397D3 /* LaunchScreen.storyboard in Resources */,
				F8B3566E2156DABA003397D3 /* Assets.xcassets in Resources */,
				F8B3566C2156DAB9003397D3 /* Main.storyboard in Resources */,
			);
			runOnlyForDeploymentPostprocessing = 0;
		};
		F8B356752156DABA003397D3 /* Resources */ = {
			isa = PBXResourcesBuildPhase;
			buildActionMask = 2147483647;
			files = (
			);
			runOnlyForDeploymentPostprocessing = 0;
		};
		F8B356802156DABA003397D3 /* Resources */ = {
			isa = PBXResourcesBuildPhase;
			buildActionMask = 2147483647;
			files = (
			);
			runOnlyForDeploymentPostprocessing = 0;
		};
/* End PBXResourcesBuildPhase section */

/* Begin PBXSourcesBuildPhase section */
		F8B3565F2156DAB9003397D3 /* Sources */ = {
			isa = PBXSourcesBuildPhase;
			buildActionMask = 2147483647;
			files = (
				F8B356692156DAB9003397D3 /* ViewController.swift in Sources */,
				F8B356672156DAB9003397D3 /* AppDelegate.swift in Sources */,
			);
			runOnlyForDeploymentPostprocessing = 0;
		};
		F8B356732156DABA003397D3 /* Sources */ = {
			isa = PBXSourcesBuildPhase;
			buildActionMask = 2147483647;
			files = (
				F8B3567C2156DABA003397D3 /* Lab3Tests.swift in Sources */,
			);
			runOnlyForDeploymentPostprocessing = 0;
		};
		F8B3567E2156DABA003397D3 /* Sources */ = {
			isa = PBXSourcesBuildPhase;
			buildActionMask = 2147483647;
			files = (
				F8B356872156DABA003397D3 /* Lab3UITests.swift in Sources */,
			);
			runOnlyForDeploymentPostprocessing = 0;
		};
/* End PBXSourcesBuildPhase section */

/* Begin PBXTargetDependency section */
		F8B356792156DABA003397D3 /* PBXTargetDependency */ = {
			isa = PBXTargetDependency;
			target = F8B356622156DAB9003397D3 /* Lab3 */;
			targetProxy = F8B356782156DABA003397D3 /* PBXContainerItemProxy */;
		};
		F8B356842156DABA003397D3 /* PBXTargetDependency */ = {
			isa = PBXTargetDependency;
			target = F8B356622156DAB9003397D3 /* Lab3 */;
			targetProxy = F8B356832156DABA003397D3 /* PBXContainerItemProxy */;
		};
/* End PBXTargetDependency section */

/* Begin PBXVariantGroup section */
		F8B3566A2156DAB9003397D3 /* Main.storyboard */ = {
			isa = PBXVariantGroup;
			children = (
				F8B3566B2156DAB9003397D3 /* Base */,
			);
			name = Main.storyboard;
			sourceTree = "<group>";
		};
		F8B3566F2156DABA003397D3 /* LaunchScreen.storyboard */ = {
			isa = PBXVariantGroup;
			children = (
				F8B356702156DABA003397D3 /* Base */,
			);
			name = LaunchScreen.storyboard;
			sourceTree = "<group>";
		};
/* End PBXVariantGroup section */

/* Begin XCBuildConfiguration section */
		F8B356892156DABA003397D3 /* Debug */ = {
			isa = XCBuildConfiguration;
			buildSettings = {
				ALWAYS_SEARCH_USER_PATHS = NO;
				CLANG_ANALYZER_NONNULL = YES;
				CLANG_ANALYZER_NUMBER_OBJECT_CONVERSION = YES_AGGRESSIVE;
				CLANG_CXX_LANGUAGE_STANDARD = "gnu++14";
				CLANG_CXX_LIBRARY = "libc++";
				CLANG_ENABLE_MODULES = YES;
				CLANG_ENABLE_OBJC_ARC = YES;
				CLANG_ENABLE_OBJC_WEAK = YES;
				CLANG_WARN_BLOCK_CAPTURE_AUTORELEASING = YES;
				CLANG_WARN_BOOL_CONVERSION = YES;
				CLANG_WARN_COMMA = YES;
				CLANG_WARN_CONSTANT_CONVERSION = YES;
				CLANG_WARN_DEPRECATED_OBJC_IMPLEMENTATIONS = YES;
				CLANG_WARN_DIRECT_OBJC_ISA_USAGE = YES_ERROR;
				CLANG_WARN_DOCUMENTATION_COMMENTS = YES;
				CLANG_WARN_EMPTY_BODY = YES;
				CLANG_WARN_ENUM_CONVERSION = YES;
				CLANG_WARN_INFINITE_RECURSION = YES;
				CLANG_WARN_INT_CONVERSION = YES;
				CLANG_WARN_NON_LITERAL_NULL_CONVERSION = YES;
				CLANG_WARN_OBJC_IMPLICIT_RETAIN_SELF = YES;
				CLANG_WARN_OBJC_LITERAL_CONVERSION = YES;
				CLANG_WARN_OBJC_ROOT_CLASS = YES_ERROR;
				CLANG_WARN_RANGE_LOOP_ANALYSIS = YES;
				CLANG_WARN_STRICT_PROTOTYPES = YES;
				CLANG_WARN_SUSPICIOUS_MOVE = YES;
				CLANG_WARN_UNGUARDED_AVAILABILITY = YES_AGGRESSIVE;
				CLANG_WARN_UNREACHABLE_CODE = YES;
				CLANG_WARN__DUPLICATE_METHOD_MATCH = YES;
				CODE_SIGN_IDENTITY = "iPhone Developer";
				COPY_PHASE_STRIP = NO;
				DEBUG_INFORMATION_FORMAT = dwarf;
				ENABLE_STRICT_OBJC_MSGSEND = YES;
				ENABLE_TESTABILITY = YES;
				GCC_C_LANGUAGE_STANDARD = gnu11;
				GCC_DYNAMIC_NO_PIC = NO;
				GCC_NO_COMMON_BLOCKS = YES;
				GCC_OPTIMIZATION_LEVEL = 0;
				GCC_PREPROCESSOR_DEFINITIONS = (
					"DEBUG=1",
					"$(inherited)",
				);
				GCC_WARN_64_TO_32_BIT_CONVERSION = YES;
				GCC_WARN_ABOUT_RETURN_TYPE = YES_ERROR;
				GCC_WARN_UNDECLARED_SELECTOR = YES;
				GCC_WARN_UNINITIALIZED_AUTOS = YES_AGGRESSIVE;
				GCC_WARN_UNUSED_FUNCTION = YES;
				GCC_WARN_UNUSED_VARIABLE = YES;
				IPHONEOS_DEPLOYMENT_TARGET = 12.0;
				MTL_ENABLE_DEBUG_INFO = INCLUDE_SOURCE;
				MTL_FAST_MATH = YES;
				ONLY_ACTIVE_ARCH = YES;
				SDKROOT = iphoneos;
				SWIFT_ACTIVE_COMPILATION_CONDITIONS = DEBUG;
				SWIFT_OPTIMIZATION_LEVEL = "-Onone";
			};
			name = Debug;
		};
		F8B3568A2156DABA003397D3 /* Release */ = {
			isa = XCBuildConfiguration;
			buildSettings = {
				ALWAYS_SEARCH_USER_PATHS = NO;
				CLANG_ANALYZER_NONNULL = YES;
				CLANG_ANALYZER_NUMBER_OBJECT_CONVERSION = YES_AGGRESSIVE;
				CLANG_CXX_LANGUAGE_STANDARD = "gnu++14";
				CLANG_CXX_LIBRARY = "libc++";
				CLANG_ENABLE_MODULES = YES;
				CLANG_ENABLE_OBJC_ARC = YES;
				CLANG_ENABLE_OBJC_WEAK = YES;
				CLANG_WARN_BLOCK_CAPTURE_AUTORELEASING = YES;
				CLANG_WARN_BOOL_CONVERSION = YES;
				CLANG_WARN_COMMA = YES;
				CLANG_WARN_CONSTANT_CONVERSION = YES;
				CLANG_WARN_DEPRECATED_OBJC_IMPLEMENTATIONS = YES;
				CLANG_WARN_DIRECT_OBJC_ISA_USAGE = YES_ERROR;
				CLANG_WARN_DOCUMENTATION_COMMENTS = YES;
				CLANG_WARN_EMPTY_BODY = YES;
				CLANG_WARN_ENUM_CONVERSION = YES;
				CLANG_WARN_INFINITE_RECURSION = YES;
				CLANG_WARN_INT_CONVERSION = YES;
				CLANG_WARN_NON_LITERAL_NULL_CONVERSION = YES;
				CLANG_WARN_OBJC_IMPLICIT_RETAIN_SELF = YES;
				CLANG_WARN_OBJC_LITERAL_CONVERSION = YES;
				CLANG_WARN_OBJC_ROOT_CLASS = YES_ERROR;
				CLANG_WARN_RANGE_LOOP_ANALYSIS = YES;
				CLANG_WARN_STRICT_PROTOTYPES = YES;
				CLANG_WARN_SUSPICIOUS_MOVE = YES;
				CLANG_WARN_UNGUARDED_AVAILABILITY = YES_AGGRESSIVE;
				CLANG_WARN_UNREACHABLE_CODE = YES;
				CLANG_WARN__DUPLICATE_METHOD_MATCH = YES;
				CODE_SIGN_IDENTITY = "iPhone Developer";
				COPY_PHASE_STRIP = NO;
				DEBUG_INFORMATION_FORMAT = "dwarf-with-dsym";
				ENABLE_NS_ASSERTIONS = NO;
				ENABLE_STRICT_OBJC_MSGSEND = YES;
				GCC_C_LANGUAGE_STANDARD = gnu11;
				GCC_NO_COMMON_BLOCKS = YES;
				GCC_WARN_64_TO_32_BIT_CONVERSION = YES;
				GCC_WARN_ABOUT_RETURN_TYPE = YES_ERROR;
				GCC_WARN_UNDECLARED_SELECTOR = YES;
				GCC_WARN_UNINITIALIZED_AUTOS = YES_AGGRESSIVE;
				GCC_WARN_UNUSED_FUNCTION = YES;
				GCC_WARN_UNUSED_VARIABLE = YES;
				IPHONEOS_DEPLOYMENT_TARGET = 12.0;
				MTL_ENABLE_DEBUG_INFO = NO;
				MTL_FAST_MATH = YES;
				SDKROOT = iphoneos;
				SWIFT_COMPILATION_MODE = wholemodule;
				SWIFT_OPTIMIZATION_LEVEL = "-O";
				VALIDATE_PRODUCT = YES;
			};
			name = Release;
		};
		F8B3568C2156DABA003397D3 /* Debug */ = {
			isa = XCBuildConfiguration;
			buildSettings = {
				ASSETCATALOG_COMPILER_APPICON_NAME = AppIcon;
				CODE_SIGN_STYLE = Automatic;
				DEVELOPMENT_TEAM = 554X9B982N;
				INFOPLIST_FILE = Lab3/Info.plist;
				LD_RUNPATH_SEARCH_PATHS = (
					"$(inherited)",
					"@executable_path/Frameworks",
				);
				PRODUCT_BUNDLE_IDENTIFIER = MobileSensing.Lab3;
				PRODUCT_NAME = "$(TARGET_NAME)";
				SWIFT_VERSION = 4.2;
				TARGETED_DEVICE_FAMILY = "1,2";
			};
			name = Debug;
		};
		F8B3568D2156DABA003397D3 /* Release */ = {
			isa = XCBuildConfiguration;
			buildSettings = {
				ASSETCATALOG_COMPILER_APPICON_NAME = AppIcon;
				CODE_SIGN_STYLE = Automatic;
				DEVELOPMENT_TEAM = 554X9B982N;
				INFOPLIST_FILE = Lab3/Info.plist;
				LD_RUNPATH_SEARCH_PATHS = (
					"$(inherited)",
					"@executable_path/Frameworks",
				);
				PRODUCT_BUNDLE_IDENTIFIER = MobileSensing.Lab3;
				PRODUCT_NAME = "$(TARGET_NAME)";
				SWIFT_VERSION = 4.2;
				TARGETED_DEVICE_FAMILY = "1,2";
			};
			name = Release;
		};
		F8B3568F2156DABA003397D3 /* Debug */ = {
			isa = XCBuildConfiguration;
			buildSettings = {
				ALWAYS_EMBED_SWIFT_STANDARD_LIBRARIES = YES;
				BUNDLE_LOADER = "$(TEST_HOST)";
				CODE_SIGN_STYLE = Automatic;
				INFOPLIST_FILE = Lab3Tests/Info.plist;
				LD_RUNPATH_SEARCH_PATHS = (
					"$(inherited)",
					"@executable_path/Frameworks",
					"@loader_path/Frameworks",
				);
				PRODUCT_BUNDLE_IDENTIFIER = MobileSensing.Lab3Tests;
				PRODUCT_NAME = "$(TARGET_NAME)";
				SWIFT_VERSION = 4.2;
				TARGETED_DEVICE_FAMILY = "1,2";
				TEST_HOST = "$(BUILT_PRODUCTS_DIR)/Lab3.app/Lab3";
			};
			name = Debug;
		};
		F8B356902156DABA003397D3 /* Release */ = {
			isa = XCBuildConfiguration;
			buildSettings = {
				ALWAYS_EMBED_SWIFT_STANDARD_LIBRARIES = YES;
				BUNDLE_LOADER = "$(TEST_HOST)";
				CODE_SIGN_STYLE = Automatic;
				INFOPLIST_FILE = Lab3Tests/Info.plist;
				LD_RUNPATH_SEARCH_PATHS = (
					"$(inherited)",
					"@executable_path/Frameworks",
					"@loader_path/Frameworks",
				);
				PRODUCT_BUNDLE_IDENTIFIER = MobileSensing.Lab3Tests;
				PRODUCT_NAME = "$(TARGET_NAME)";
				SWIFT_VERSION = 4.2;
				TARGETED_DEVICE_FAMILY = "1,2";
				TEST_HOST = "$(BUILT_PRODUCTS_DIR)/Lab3.app/Lab3";
			};
			name = Release;
		};
		F8B356922156DABA003397D3 /* Debug */ = {
			isa = XCBuildConfiguration;
			buildSettings = {
				ALWAYS_EMBED_SWIFT_STANDARD_LIBRARIES = YES;
				CODE_SIGN_STYLE = Automatic;
				INFOPLIST_FILE = Lab3UITests/Info.plist;
				LD_RUNPATH_SEARCH_PATHS = (
					"$(inherited)",
					"@executable_path/Frameworks",
					"@loader_path/Frameworks",
				);
				PRODUCT_BUNDLE_IDENTIFIER = MobileSensing.Lab3UITests;
				PRODUCT_NAME = "$(TARGET_NAME)";
				SWIFT_VERSION = 4.2;
				TARGETED_DEVICE_FAMILY = "1,2";
				TEST_TARGET_NAME = Lab3;
			};
			name = Debug;
		};
		F8B356932156DABA003397D3 /* Release */ = {
			isa = XCBuildConfiguration;
			buildSettings = {
				ALWAYS_EMBED_SWIFT_STANDARD_LIBRARIES = YES;
				CODE_SIGN_STYLE = Automatic;
				INFOPLIST_FILE = Lab3UITests/Info.plist;
				LD_RUNPATH_SEARCH_PATHS = (
					"$(inherited)",
					"@executable_path/Frameworks",
					"@loader_path/Frameworks",
				);
				PRODUCT_BUNDLE_IDENTIFIER = MobileSensing.Lab3UITests;
				PRODUCT_NAME = "$(TARGET_NAME)";
				SWIFT_VERSION = 4.2;
				TARGETED_DEVICE_FAMILY = "1,2";
				TEST_TARGET_NAME = Lab3;
			};
			name = Release;
		};
/* End XCBuildConfiguration section */

/* Begin XCConfigurationList section */
		F8B3565E2156DAB9003397D3 /* Build configuration list for PBXProject "Lab3" */ = {
			isa = XCConfigurationList;
			buildConfigurations = (
				F8B356892156DABA003397D3 /* Debug */,
				F8B3568A2156DABA003397D3 /* Release */,
			);
			defaultConfigurationIsVisible = 0;
			defaultConfigurationName = Release;
		};
		F8B3568B2156DABA003397D3 /* Build configuration list for PBXNativeTarget "Lab3" */ = {
			isa = XCConfigurationList;
			buildConfigurations = (
				F8B3568C2156DABA003397D3 /* Debug */,
				F8B3568D2156DABA003397D3 /* Release */,
			);
			defaultConfigurationIsVisible = 0;
			defaultConfigurationName = Release;
		};
		F8B3568E2156DABA003397D3 /* Build configuration list for PBXNativeTarget "Lab3Tests" */ = {
			isa = XCConfigurationList;
			buildConfigurations = (
				F8B3568F2156DABA003397D3 /* Debug */,
				F8B356902156DABA003397D3 /* Release */,
			);
			defaultConfigurationIsVisible = 0;
			defaultConfigurationName = Release;
		};
		F8B356912156DABA003397D3 /* Build configuration list for PBXNativeTarget "Lab3UITests" */ = {
			isa = XCConfigurationList;
			buildConfigurations = (
				F8B356922156DABA003397D3 /* Debug */,
				F8B356932156DABA003397D3 /* Release */,
			);
			defaultConfigurationIsVisible = 0;
			defaultConfigurationName = Release;
		};
/* End XCConfigurationList section */
	};
	rootObject = F8B3565B2156DAB9003397D3 /* Project object */;
}
