// !$*UTF8*$!
{
	archiveVersion = 1;
	classes = {
	};
	objectVersion = 46;
	objects = {

/* Begin PBXBuildFile section */
		A3AD0A122165266E000C3281 /* FaceViewController.swift in Sources */ = {isa = PBXBuildFile; fileRef = A3AD0A112165266E000C3281 /* FaceViewController.swift */; };
		A3AD0A15216528DD000C3281 /* OpenCVBridgeHeart.mm in Sources */ = {isa = PBXBuildFile; fileRef = A3AD0A14216528DD000C3281 /* OpenCVBridgeHeart.mm */; };
		A3AD0A17216529B0000C3281 /* HeartViewController.swift in Sources */ = {isa = PBXBuildFile; fileRef = A3AD0A16216529B0000C3281 /* HeartViewController.swift */; };
		B61B91FB1F7AED3F00E07B0B /* opencv2.framework in Frameworks */ = {isa = PBXBuildFile; fileRef = B61B91F91F7AED3100E07B0B /* opencv2.framework */; };
		B61B91FD1F7AEE4B00E07B0B /* libc++.tbd in Frameworks */ = {isa = PBXBuildFile; fileRef = B61B91FC1F7AEE4B00E07B0B /* libc++.tbd */; };
		B650B31B1D8340F0000114A1 /* AppDelegate.swift in Sources */ = {isa = PBXBuildFile; fileRef = B650B31A1D8340F0000114A1 /* AppDelegate.swift */; };
		B650B3201D8340F0000114A1 /* Main.storyboard in Resources */ = {isa = PBXBuildFile; fileRef = B650B31E1D8340F0000114A1 /* Main.storyboard */; };
		B650B3221D8340F0000114A1 /* Assets.xcassets in Resources */ = {isa = PBXBuildFile; fileRef = B650B3211D8340F0000114A1 /* Assets.xcassets */; };
		B650B3251D8340F0000114A1 /* LaunchScreen.storyboard in Resources */ = {isa = PBXBuildFile; fileRef = B650B3231D8340F0000114A1 /* LaunchScreen.storyboard */; };
		B650B3301D8340F0000114A1 /* ImageLabTests.swift in Sources */ = {isa = PBXBuildFile; fileRef = B650B32F1D8340F0000114A1 /* ImageLabTests.swift */; };
		B650B33B1D8340F0000114A1 /* ImageLabUITests.swift in Sources */ = {isa = PBXBuildFile; fileRef = B650B33A1D8340F0000114A1 /* ImageLabUITests.swift */; };
		B650B34E1D834D46000114A1 /* smu-campus.jpg in Resources */ = {isa = PBXBuildFile; fileRef = B650B34D1D834D46000114A1 /* smu-campus.jpg */; };
		B67B72BB1D996ADE008EDDE1 /* OpenCVBridge.mm in Sources */ = {isa = PBXBuildFile; fileRef = B67B72BA1D996ADE008EDDE1 /* OpenCVBridge.mm */; };
		B67B72BF1D99D0AD008EDDE1 /* nose.xml in Resources */ = {isa = PBXBuildFile; fileRef = B67B72BE1D99D0AD008EDDE1 /* nose.xml */; };
		B6E657991D95AA4500E75C60 /* VideoAnalgesic.swift in Sources */ = {isa = PBXBuildFile; fileRef = B6E657981D95AA4500E75C60 /* VideoAnalgesic.swift */; };
		F86A0AC92170016900EA15AD /* Charts.framework in Frameworks */ = {isa = PBXBuildFile; fileRef = F86A0AC2216FFA0000EA15AD /* Charts.framework */; };
		F86A0ACA2170016900EA15AD /* Charts.framework in Embed Frameworks */ = {isa = PBXBuildFile; fileRef = F86A0AC2216FFA0000EA15AD /* Charts.framework */; settings = {ATTRIBUTES = (CodeSignOnCopy, RemoveHeadersOnCopy, ); }; };
/* End PBXBuildFile section */

/* Begin PBXContainerItemProxy section */
		B650B32C1D8340F0000114A1 /* PBXContainerItemProxy */ = {
			isa = PBXContainerItemProxy;
			containerPortal = B650B30F1D8340F0000114A1 /* Project object */;
			proxyType = 1;
			remoteGlobalIDString = B650B3161D8340F0000114A1;
			remoteInfo = ImageLab;
		};
		B650B3371D8340F0000114A1 /* PBXContainerItemProxy */ = {
			isa = PBXContainerItemProxy;
			containerPortal = B650B30F1D8340F0000114A1 /* Project object */;
			proxyType = 1;
			remoteGlobalIDString = B650B3161D8340F0000114A1;
			remoteInfo = ImageLab;
		};
		F86A0AC1216FFA0000EA15AD /* PBXContainerItemProxy */ = {
			isa = PBXContainerItemProxy;
			containerPortal = F86A0ABC216FFA0000EA15AD /* Charts.xcodeproj */;
			proxyType = 2;
			remoteGlobalIDString = 65AD9E95D9ED4DC0BD73A743;
			remoteInfo = Charts;
		};
		F86A0AC3216FFA0000EA15AD /* PBXContainerItemProxy */ = {
			isa = PBXContainerItemProxy;
			containerPortal = F86A0ABC216FFA0000EA15AD /* Charts.xcodeproj */;
			proxyType = 2;
			remoteGlobalIDString = 1CBBC58C6CE1EBEE9852CE41;
			remoteInfo = ChartsTests;
		};
		F86A0ACB2170016900EA15AD /* PBXContainerItemProxy */ = {
			isa = PBXContainerItemProxy;
			containerPortal = F86A0ABC216FFA0000EA15AD /* Charts.xcodeproj */;
			proxyType = 1;
			remoteGlobalIDString = A58A4ED274A941CA248EA921;
			remoteInfo = Charts;
		};
/* End PBXContainerItemProxy section */

/* Begin PBXCopyFilesBuildPhase section */
		F86A0ACD2170016900EA15AD /* Embed Frameworks */ = {
			isa = PBXCopyFilesBuildPhase;
			buildActionMask = 2147483647;
			dstPath = "";
			dstSubfolderSpec = 10;
			files = (
				F86A0ACA2170016900EA15AD /* Charts.framework in Embed Frameworks */,
			);
			name = "Embed Frameworks";
			runOnlyForDeploymentPostprocessing = 0;
		};
/* End PBXCopyFilesBuildPhase section */

/* Begin PBXFileReference section */
		A3AD0A112165266E000C3281 /* FaceViewController.swift */ = {isa = PBXFileReference; fileEncoding = 4; lastKnownFileType = sourcecode.swift; path = FaceViewController.swift; sourceTree = "<group>"; };
		A3AD0A13216528DD000C3281 /* OpenCVBridgeHeart.h */ = {isa = PBXFileReference; fileEncoding = 4; lastKnownFileType = sourcecode.c.h; path = OpenCVBridgeHeart.h; sourceTree = "<group>"; };
		A3AD0A14216528DD000C3281 /* OpenCVBridgeHeart.mm */ = {isa = PBXFileReference; fileEncoding = 4; lastKnownFileType = sourcecode.cpp.objcpp; path = OpenCVBridgeHeart.mm; sourceTree = "<group>"; };
		A3AD0A16216529B0000C3281 /* HeartViewController.swift */ = {isa = PBXFileReference; lastKnownFileType = sourcecode.swift; path = HeartViewController.swift; sourceTree = "<group>"; };
		B61B91F91F7AED3100E07B0B /* opencv2.framework */ = {isa = PBXFileReference; lastKnownFileType = wrapper.framework; name = opencv2.framework; path = ImageDSPUtils/opencv2.framework; sourceTree = "<group>"; };
		B61B91FC1F7AEE4B00E07B0B /* libc++.tbd */ = {isa = PBXFileReference; lastKnownFileType = "sourcecode.text-based-dylib-definition"; name = "libc++.tbd"; path = "usr/lib/libc++.tbd"; sourceTree = SDKROOT; };
		B650B3171D8340F0000114A1 /* ImageLab.app */ = {isa = PBXFileReference; explicitFileType = wrapper.application; includeInIndex = 0; path = ImageLab.app; sourceTree = BUILT_PRODUCTS_DIR; };
		B650B31A1D8340F0000114A1 /* AppDelegate.swift */ = {isa = PBXFileReference; lastKnownFileType = sourcecode.swift; path = AppDelegate.swift; sourceTree = "<group>"; };
		B650B31F1D8340F0000114A1 /* Base */ = {isa = PBXFileReference; lastKnownFileType = file.storyboard; name = Base; path = Base.lproj/Main.storyboard; sourceTree = "<group>"; };
		B650B3211D8340F0000114A1 /* Assets.xcassets */ = {isa = PBXFileReference; lastKnownFileType = folder.assetcatalog; path = Assets.xcassets; sourceTree = "<group>"; };
		B650B3241D8340F0000114A1 /* Base */ = {isa = PBXFileReference; lastKnownFileType = file.storyboard; name = Base; path = Base.lproj/LaunchScreen.storyboard; sourceTree = "<group>"; };
		B650B3261D8340F0000114A1 /* Info.plist */ = {isa = PBXFileReference; lastKnownFileType = text.plist.xml; path = Info.plist; sourceTree = "<group>"; };
		B650B32B1D8340F0000114A1 /* ImageLabTests.xctest */ = {isa = PBXFileReference; explicitFileType = wrapper.cfbundle; includeInIndex = 0; path = ImageLabTests.xctest; sourceTree = BUILT_PRODUCTS_DIR; };
		B650B32F1D8340F0000114A1 /* ImageLabTests.swift */ = {isa = PBXFileReference; lastKnownFileType = sourcecode.swift; path = ImageLabTests.swift; sourceTree = "<group>"; };
		B650B3311D8340F0000114A1 /* Info.plist */ = {isa = PBXFileReference; lastKnownFileType = text.plist.xml; path = Info.plist; sourceTree = "<group>"; };
		B650B3361D8340F0000114A1 /* ImageLabUITests.xctest */ = {isa = PBXFileReference; explicitFileType = wrapper.cfbundle; includeInIndex = 0; path = ImageLabUITests.xctest; sourceTree = BUILT_PRODUCTS_DIR; };
		B650B33A1D8340F0000114A1 /* ImageLabUITests.swift */ = {isa = PBXFileReference; lastKnownFileType = sourcecode.swift; path = ImageLabUITests.swift; sourceTree = "<group>"; };
		B650B33C1D8340F0000114A1 /* Info.plist */ = {isa = PBXFileReference; lastKnownFileType = text.plist.xml; path = Info.plist; sourceTree = "<group>"; };
		B650B34D1D834D46000114A1 /* smu-campus.jpg */ = {isa = PBXFileReference; lastKnownFileType = image.jpeg; path = "smu-campus.jpg"; sourceTree = "<group>"; };
		B67B72B81D996ADC008EDDE1 /* ImageLab-Bridging-Header.h */ = {isa = PBXFileReference; lastKnownFileType = sourcecode.c.h; path = "ImageLab-Bridging-Header.h"; sourceTree = "<group>"; };
		B67B72B91D996ADE008EDDE1 /* OpenCVBridge.hh */ = {isa = PBXFileReference; fileEncoding = 4; lastKnownFileType = sourcecode.cpp.h; name = OpenCVBridge.hh; path = ImageDSPUtils/OpenCVBridge.hh; sourceTree = SOURCE_ROOT; };
		B67B72BA1D996ADE008EDDE1 /* OpenCVBridge.mm */ = {isa = PBXFileReference; fileEncoding = 4; lastKnownFileType = sourcecode.cpp.objcpp; name = OpenCVBridge.mm; path = ImageDSPUtils/OpenCVBridge.mm; sourceTree = SOURCE_ROOT; };
		B67B72BE1D99D0AD008EDDE1 /* nose.xml */ = {isa = PBXFileReference; fileEncoding = 4; lastKnownFileType = text.xml; path = nose.xml; sourceTree = SOURCE_ROOT; };
		B69F98B61DA441BD00F1A1B8 /* PrefixHeader.pch */ = {isa = PBXFileReference; lastKnownFileType = sourcecode.c.h; path = PrefixHeader.pch; sourceTree = "<group>"; };
		B6E657981D95AA4500E75C60 /* VideoAnalgesic.swift */ = {isa = PBXFileReference; fileEncoding = 4; lastKnownFileType = sourcecode.swift; name = VideoAnalgesic.swift; path = ImageDSPUtils/VideoAnalgesic.swift; sourceTree = SOURCE_ROOT; };
		F86A0ABC216FFA0000EA15AD /* Charts.xcodeproj */ = {isa = PBXFileReference; lastKnownFileType = "wrapper.pb-project"; name = Charts.xcodeproj; path = ImageLab.xcodeproj/../Charts/Charts.xcodeproj; sourceTree = "<group>"; };
/* End PBXFileReference section */

/* Begin PBXFrameworksBuildPhase section */
		B650B3141D8340F0000114A1 /* Frameworks */ = {
			isa = PBXFrameworksBuildPhase;
			buildActionMask = 2147483647;
			files = (
				F86A0AC92170016900EA15AD /* Charts.framework in Frameworks */,
				B61B91FD1F7AEE4B00E07B0B /* libc++.tbd in Frameworks */,
				B61B91FB1F7AED3F00E07B0B /* opencv2.framework in Frameworks */,
			);
			runOnlyForDeploymentPostprocessing = 0;
		};
		B650B3281D8340F0000114A1 /* Frameworks */ = {
			isa = PBXFrameworksBuildPhase;
			buildActionMask = 2147483647;
			files = (
			);
			runOnlyForDeploymentPostprocessing = 0;
		};
		B650B3331D8340F0000114A1 /* Frameworks */ = {
			isa = PBXFrameworksBuildPhase;
			buildActionMask = 2147483647;
			files = (
			);
			runOnlyForDeploymentPostprocessing = 0;
		};
/* End PBXFrameworksBuildPhase section */

/* Begin PBXGroup section */
		B61B91FA1F7AED3F00E07B0B /* Frameworks */ = {
			isa = PBXGroup;
			children = (
				F86A0ABC216FFA0000EA15AD /* Charts.xcodeproj */,
				B61B91FC1F7AEE4B00E07B0B /* libc++.tbd */,
			);
			name = Frameworks;
			sourceTree = "<group>";
		};
		B650B30E1D8340F0000114A1 = {
			isa = PBXGroup;
			children = (
				B61B91F91F7AED3100E07B0B /* opencv2.framework */,
				B650B34A1D83435A000114A1 /* ImageDSPUtils */,
				B650B3191D8340F0000114A1 /* ImageLab */,
				B650B32E1D8340F0000114A1 /* ImageLabTests */,
				B650B3391D8340F0000114A1 /* ImageLabUITests */,
				B650B3181D8340F0000114A1 /* Products */,
				B61B91FA1F7AED3F00E07B0B /* Frameworks */,
			);
			sourceTree = "<group>";
		};
		B650B3181D8340F0000114A1 /* Products */ = {
			isa = PBXGroup;
			children = (
				B650B3171D8340F0000114A1 /* ImageLab.app */,
				B650B32B1D8340F0000114A1 /* ImageLabTests.xctest */,
				B650B3361D8340F0000114A1 /* ImageLabUITests.xctest */,
			);
			name = Products;
			sourceTree = "<group>";
		};
		B650B3191D8340F0000114A1 /* ImageLab */ = {
			isa = PBXGroup;
			children = (
				A3AD0A112165266E000C3281 /* FaceViewController.swift */,
				A3AD0A16216529B0000C3281 /* HeartViewController.swift */,
				B650B31A1D8340F0000114A1 /* AppDelegate.swift */,
				B650B31E1D8340F0000114A1 /* Main.storyboard */,
				B650B3211D8340F0000114A1 /* Assets.xcassets */,
				B650B3231D8340F0000114A1 /* LaunchScreen.storyboard */,
				B650B3261D8340F0000114A1 /* Info.plist */,
				B650B34D1D834D46000114A1 /* smu-campus.jpg */,
				B67B72BE1D99D0AD008EDDE1 /* nose.xml */,
			);
			path = ImageLab;
			sourceTree = "<group>";
		};
		B650B32E1D8340F0000114A1 /* ImageLabTests */ = {
			isa = PBXGroup;
			children = (
				B650B32F1D8340F0000114A1 /* ImageLabTests.swift */,
				B650B3311D8340F0000114A1 /* Info.plist */,
			);
			path = ImageLabTests;
			sourceTree = "<group>";
		};
		B650B3391D8340F0000114A1 /* ImageLabUITests */ = {
			isa = PBXGroup;
			children = (
				B650B33A1D8340F0000114A1 /* ImageLabUITests.swift */,
				B650B33C1D8340F0000114A1 /* Info.plist */,
			);
			path = ImageLabUITests;
			sourceTree = "<group>";
		};
		B650B34A1D83435A000114A1 /* ImageDSPUtils */ = {
			isa = PBXGroup;
			children = (
				A3AD0A13216528DD000C3281 /* OpenCVBridgeHeart.h */,
				A3AD0A14216528DD000C3281 /* OpenCVBridgeHeart.mm */,
				B6E657981D95AA4500E75C60 /* VideoAnalgesic.swift */,
				B67B72B91D996ADE008EDDE1 /* OpenCVBridge.hh */,
				B67B72BA1D996ADE008EDDE1 /* OpenCVBridge.mm */,
				B67B72B81D996ADC008EDDE1 /* ImageLab-Bridging-Header.h */,
				B69F98B61DA441BD00F1A1B8 /* PrefixHeader.pch */,
			);
			name = ImageDSPUtils;
			path = ImageLab;
			sourceTree = "<group>";
		};
		F86A0ABD216FFA0000EA15AD /* Products */ = {
			isa = PBXGroup;
			children = (
				F86A0AC2216FFA0000EA15AD /* Charts.framework */,
				F86A0AC4216FFA0000EA15AD /* ChartsTests.xctest */,
			);
			name = Products;
			sourceTree = "<group>";
		};
/* End PBXGroup section */

/* Begin PBXNativeTarget section */
		B650B3161D8340F0000114A1 /* ImageLab */ = {
			isa = PBXNativeTarget;
			buildConfigurationList = B650B33F1D8340F0000114A1 /* Build configuration list for PBXNativeTarget "ImageLab" */;
			buildPhases = (
				B650B3131D8340F0000114A1 /* Sources */,
				B650B3141D8340F0000114A1 /* Frameworks */,
				B650B3151D8340F0000114A1 /* Resources */,
				F86A0ACD2170016900EA15AD /* Embed Frameworks */,
			);
			buildRules = (
			);
			dependencies = (
				F86A0ACC2170016900EA15AD /* PBXTargetDependency */,
			);
			name = ImageLab;
			productName = ImageLab;
			productReference = B650B3171D8340F0000114A1 /* ImageLab.app */;
			productType = "com.apple.product-type.application";
		};
		B650B32A1D8340F0000114A1 /* ImageLabTests */ = {
			isa = PBXNativeTarget;
			buildConfigurationList = B650B3421D8340F0000114A1 /* Build configuration list for PBXNativeTarget "ImageLabTests" */;
			buildPhases = (
				B650B3271D8340F0000114A1 /* Sources */,
				B650B3281D8340F0000114A1 /* Frameworks */,
				B650B3291D8340F0000114A1 /* Resources */,
			);
			buildRules = (
			);
			dependencies = (
				B650B32D1D8340F0000114A1 /* PBXTargetDependency */,
			);
			name = ImageLabTests;
			productName = ImageLabTests;
			productReference = B650B32B1D8340F0000114A1 /* ImageLabTests.xctest */;
			productType = "com.apple.product-type.bundle.unit-test";
		};
		B650B3351D8340F0000114A1 /* ImageLabUITests */ = {
			isa = PBXNativeTarget;
			buildConfigurationList = B650B3451D8340F0000114A1 /* Build configuration list for PBXNativeTarget "ImageLabUITests" */;
			buildPhases = (
				B650B3321D8340F0000114A1 /* Sources */,
				B650B3331D8340F0000114A1 /* Frameworks */,
				B650B3341D8340F0000114A1 /* Resources */,
			);
			buildRules = (
			);
			dependencies = (
				B650B3381D8340F0000114A1 /* PBXTargetDependency */,
			);
			name = ImageLabUITests;
			productName = ImageLabUITests;
			productReference = B650B3361D8340F0000114A1 /* ImageLabUITests.xctest */;
			productType = "com.apple.product-type.bundle.ui-testing";
		};
/* End PBXNativeTarget section */

/* Begin PBXProject section */
		B650B30F1D8340F0000114A1 /* Project object */ = {
			isa = PBXProject;
			attributes = {
				LastSwiftUpdateCheck = 0730;
				LastUpgradeCheck = 0900;
				ORGANIZATIONNAME = "Eric Larson";
				TargetAttributes = {
					B650B3161D8340F0000114A1 = {
						CreatedOnToolsVersion = 7.3.1;
						DevelopmentTeam = 5263K5LLWX;
					};
					B650B32A1D8340F0000114A1 = {
						CreatedOnToolsVersion = 7.3.1;
						TestTargetID = B650B3161D8340F0000114A1;
					};
					B650B3351D8340F0000114A1 = {
						CreatedOnToolsVersion = 7.3.1;
						TestTargetID = B650B3161D8340F0000114A1;
					};
				};
			};
			buildConfigurationList = B650B3121D8340F0000114A1 /* Build configuration list for PBXProject "ImageLab" */;
			compatibilityVersion = "Xcode 3.2";
			developmentRegion = English;
			hasScannedForEncodings = 0;
			knownRegions = (
				en,
				Base,
			);
			mainGroup = B650B30E1D8340F0000114A1;
			productRefGroup = B650B3181D8340F0000114A1 /* Products */;
			projectDirPath = "";
			projectReferences = (
				{
					ProductGroup = F86A0ABD216FFA0000EA15AD /* Products */;
					ProjectRef = F86A0ABC216FFA0000EA15AD /* Charts.xcodeproj */;
				},
			);
			projectRoot = "";
			targets = (
				B650B3161D8340F0000114A1 /* ImageLab */,
				B650B32A1D8340F0000114A1 /* ImageLabTests */,
				B650B3351D8340F0000114A1 /* ImageLabUITests */,
			);
		};
/* End PBXProject section */

/* Begin PBXReferenceProxy section */
		F86A0AC2216FFA0000EA15AD /* Charts.framework */ = {
			isa = PBXReferenceProxy;
			fileType = wrapper.framework;
			path = Charts.framework;
			remoteRef = F86A0AC1216FFA0000EA15AD /* PBXContainerItemProxy */;
			sourceTree = BUILT_PRODUCTS_DIR;
		};
		F86A0AC4216FFA0000EA15AD /* ChartsTests.xctest */ = {
			isa = PBXReferenceProxy;
			fileType = wrapper.cfbundle;
			path = ChartsTests.xctest;
			remoteRef = F86A0AC3216FFA0000EA15AD /* PBXContainerItemProxy */;
			sourceTree = BUILT_PRODUCTS_DIR;
		};
/* End PBXReferenceProxy section */

/* Begin PBXResourcesBuildPhase section */
		B650B3151D8340F0000114A1 /* Resources */ = {
			isa = PBXResourcesBuildPhase;
			buildActionMask = 2147483647;
			files = (
				B650B34E1D834D46000114A1 /* smu-campus.jpg in Resources */,
				B67B72BF1D99D0AD008EDDE1 /* nose.xml in Resources */,
				B650B3251D8340F0000114A1 /* LaunchScreen.storyboard in Resources */,
				B650B3221D8340F0000114A1 /* Assets.xcassets in Resources */,
				B650B3201D8340F0000114A1 /* Main.storyboard in Resources */,
			);
			runOnlyForDeploymentPostprocessing = 0;
		};
		B650B3291D8340F0000114A1 /* Resources */ = {
			isa = PBXResourcesBuildPhase;
			buildActionMask = 2147483647;
			files = (
			);
			runOnlyForDeploymentPostprocessing = 0;
		};
		B650B3341D8340F0000114A1 /* Resources */ = {
			isa = PBXResourcesBuildPhase;
			buildActionMask = 2147483647;
			files = (
			);
			runOnlyForDeploymentPostprocessing = 0;
		};
/* End PBXResourcesBuildPhase section */

/* Begin PBXSourcesBuildPhase section */
		B650B3131D8340F0000114A1 /* Sources */ = {
			isa = PBXSourcesBuildPhase;
			buildActionMask = 2147483647;
			files = (
				A3AD0A15216528DD000C3281 /* OpenCVBridgeHeart.mm in Sources */,
				B6E657991D95AA4500E75C60 /* VideoAnalgesic.swift in Sources */,
				B650B31B1D8340F0000114A1 /* AppDelegate.swift in Sources */,
				A3AD0A122165266E000C3281 /* FaceViewController.swift in Sources */,
				B67B72BB1D996ADE008EDDE1 /* OpenCVBridge.mm in Sources */,
				A3AD0A17216529B0000C3281 /* HeartViewController.swift in Sources */,
			);
			runOnlyForDeploymentPostprocessing = 0;
		};
		B650B3271D8340F0000114A1 /* Sources */ = {
			isa = PBXSourcesBuildPhase;
			buildActionMask = 2147483647;
			files = (
				B650B3301D8340F0000114A1 /* ImageLabTests.swift in Sources */,
			);
			runOnlyForDeploymentPostprocessing = 0;
		};
		B650B3321D8340F0000114A1 /* Sources */ = {
			isa = PBXSourcesBuildPhase;
			buildActionMask = 2147483647;
			files = (
				B650B33B1D8340F0000114A1 /* ImageLabUITests.swift in Sources */,
			);
			runOnlyForDeploymentPostprocessing = 0;
		};
/* End PBXSourcesBuildPhase section */

/* Begin PBXTargetDependency section */
		B650B32D1D8340F0000114A1 /* PBXTargetDependency */ = {
			isa = PBXTargetDependency;
			target = B650B3161D8340F0000114A1 /* ImageLab */;
			targetProxy = B650B32C1D8340F0000114A1 /* PBXContainerItemProxy */;
		};
		B650B3381D8340F0000114A1 /* PBXTargetDependency */ = {
			isa = PBXTargetDependency;
			target = B650B3161D8340F0000114A1 /* ImageLab */;
			targetProxy = B650B3371D8340F0000114A1 /* PBXContainerItemProxy */;
		};
		F86A0ACC2170016900EA15AD /* PBXTargetDependency */ = {
			isa = PBXTargetDependency;
			name = Charts;
			targetProxy = F86A0ACB2170016900EA15AD /* PBXContainerItemProxy */;
		};
/* End PBXTargetDependency section */

/* Begin PBXVariantGroup section */
		B650B31E1D8340F0000114A1 /* Main.storyboard */ = {
			isa = PBXVariantGroup;
			children = (
				B650B31F1D8340F0000114A1 /* Base */,
			);
			name = Main.storyboard;
			sourceTree = "<group>";
		};
		B650B3231D8340F0000114A1 /* LaunchScreen.storyboard */ = {
			isa = PBXVariantGroup;
			children = (
				B650B3241D8340F0000114A1 /* Base */,
			);
			name = LaunchScreen.storyboard;
			sourceTree = "<group>";
		};
/* End PBXVariantGroup section */

/* Begin XCBuildConfiguration section */
		B650B33D1D8340F0000114A1 /* Debug */ = {
			isa = XCBuildConfiguration;
			buildSettings = {
				ALWAYS_SEARCH_USER_PATHS = NO;
				CLANG_ANALYZER_NONNULL = YES;
				CLANG_CXX_LANGUAGE_STANDARD = "gnu++0x";
				CLANG_CXX_LIBRARY = "libc++";
				CLANG_ENABLE_MODULES = YES;
				CLANG_ENABLE_OBJC_ARC = YES;
				CLANG_WARN_BLOCK_CAPTURE_AUTORELEASING = YES;
				CLANG_WARN_BOOL_CONVERSION = YES;
				CLANG_WARN_COMMA = YES;
				CLANG_WARN_CONSTANT_CONVERSION = YES;
				CLANG_WARN_DIRECT_OBJC_ISA_USAGE = YES_ERROR;
				CLANG_WARN_EMPTY_BODY = YES;
				CLANG_WARN_ENUM_CONVERSION = YES;
				CLANG_WARN_INFINITE_RECURSION = YES;
				CLANG_WARN_INT_CONVERSION = YES;
				CLANG_WARN_NON_LITERAL_NULL_CONVERSION = YES;
				CLANG_WARN_OBJC_LITERAL_CONVERSION = YES;
				CLANG_WARN_OBJC_ROOT_CLASS = YES_ERROR;
				CLANG_WARN_RANGE_LOOP_ANALYSIS = YES;
				CLANG_WARN_STRICT_PROTOTYPES = YES;
				CLANG_WARN_SUSPICIOUS_MOVE = YES;
				CLANG_WARN_UNREACHABLE_CODE = YES;
				CLANG_WARN__DUPLICATE_METHOD_MATCH = YES;
				"CODE_SIGN_IDENTITY[sdk=iphoneos*]" = "iPhone Developer";
				COPY_PHASE_STRIP = NO;
				DEBUG_INFORMATION_FORMAT = dwarf;
				ENABLE_STRICT_OBJC_MSGSEND = YES;
				ENABLE_TESTABILITY = YES;
				GCC_C_LANGUAGE_STANDARD = gnu99;
				GCC_DYNAMIC_NO_PIC = NO;
				GCC_NO_COMMON_BLOCKS = YES;
				GCC_OPTIMIZATION_LEVEL = 0;
				GCC_PREPROCESSOR_DEFINITIONS = (
					"DEBUG=1",
					"$(inherited)",
				);
				GCC_WARN_64_TO_32_BIT_CONVERSION = YES;
				GCC_WARN_ABOUT_RETURN_TYPE = YES_ERROR;
				GCC_WARN_UNDECLARED_SELECTOR = YES;
				GCC_WARN_UNINITIALIZED_AUTOS = YES_AGGRESSIVE;
				GCC_WARN_UNUSED_FUNCTION = YES;
				GCC_WARN_UNUSED_VARIABLE = YES;
				IPHONEOS_DEPLOYMENT_TARGET = 11.0;
				MTL_ENABLE_DEBUG_INFO = YES;
				ONLY_ACTIVE_ARCH = YES;
				SDKROOT = iphoneos;
				SWIFT_OPTIMIZATION_LEVEL = "-Onone";
				SWIFT_VERSION = 4.0;
			};
			name = Debug;
		};
		B650B33E1D8340F0000114A1 /* Release */ = {
			isa = XCBuildConfiguration;
			buildSettings = {
				ALWAYS_SEARCH_USER_PATHS = NO;
				CLANG_ANALYZER_NONNULL = YES;
				CLANG_CXX_LANGUAGE_STANDARD = "gnu++0x";
				CLANG_CXX_LIBRARY = "libc++";
				CLANG_ENABLE_MODULES = YES;
				CLANG_ENABLE_OBJC_ARC = YES;
				CLANG_WARN_BLOCK_CAPTURE_AUTORELEASING = YES;
				CLANG_WARN_BOOL_CONVERSION = YES;
				CLANG_WARN_COMMA = YES;
				CLANG_WARN_CONSTANT_CONVERSION = YES;
				CLANG_WARN_DIRECT_OBJC_ISA_USAGE = YES_ERROR;
				CLANG_WARN_EMPTY_BODY = YES;
				CLANG_WARN_ENUM_CONVERSION = YES;
				CLANG_WARN_INFINITE_RECURSION = YES;
				CLANG_WARN_INT_CONVERSION = YES;
				CLANG_WARN_NON_LITERAL_NULL_CONVERSION = YES;
				CLANG_WARN_OBJC_LITERAL_CONVERSION = YES;
				CLANG_WARN_OBJC_ROOT_CLASS = YES_ERROR;
				CLANG_WARN_RANGE_LOOP_ANALYSIS = YES;
				CLANG_WARN_STRICT_PROTOTYPES = YES;
				CLANG_WARN_SUSPICIOUS_MOVE = YES;
				CLANG_WARN_UNREACHABLE_CODE = YES;
				CLANG_WARN__DUPLICATE_METHOD_MATCH = YES;
				"CODE_SIGN_IDENTITY[sdk=iphoneos*]" = "iPhone Developer";
				COPY_PHASE_STRIP = NO;
				DEBUG_INFORMATION_FORMAT = "dwarf-with-dsym";
				ENABLE_NS_ASSERTIONS = NO;
				ENABLE_STRICT_OBJC_MSGSEND = YES;
				GCC_C_LANGUAGE_STANDARD = gnu99;
				GCC_NO_COMMON_BLOCKS = YES;
				GCC_WARN_64_TO_32_BIT_CONVERSION = YES;
				GCC_WARN_ABOUT_RETURN_TYPE = YES_ERROR;
				GCC_WARN_UNDECLARED_SELECTOR = YES;
				GCC_WARN_UNINITIALIZED_AUTOS = YES_AGGRESSIVE;
				GCC_WARN_UNUSED_FUNCTION = YES;
				GCC_WARN_UNUSED_VARIABLE = YES;
				IPHONEOS_DEPLOYMENT_TARGET = 11.0;
				MTL_ENABLE_DEBUG_INFO = NO;
				SDKROOT = iphoneos;
				SWIFT_OPTIMIZATION_LEVEL = "-Owholemodule";
				SWIFT_VERSION = 4.0;
				VALIDATE_PRODUCT = YES;
			};
			name = Release;
		};
		B650B3401D8340F0000114A1 /* Debug */ = {
			isa = XCBuildConfiguration;
			buildSettings = {
				ALWAYS_EMBED_SWIFT_STANDARD_LIBRARIES = YES;
				ASSETCATALOG_COMPILER_APPICON_NAME = AppIcon;
				CLANG_ENABLE_MODULES = YES;
				DEVELOPMENT_TEAM = 5263K5LLWX;
				ENABLE_BITCODE = NO;
				FRAMEWORK_SEARCH_PATHS = (
					"$(inherited)",
					"$(PROJECT_DIR)/ImageDSPUtils",
				);
				INFOPLIST_FILE = ImageLab/Info.plist;
				IPHONEOS_DEPLOYMENT_TARGET = 11.0;
				LD_RUNPATH_SEARCH_PATHS = "$(inherited) @executable_path/Frameworks";
				PRODUCT_BUNDLE_IDENTIFIER = com.MobileSensing.Lab4;
				PRODUCT_NAME = "$(TARGET_NAME)";
				SWIFT_OBJC_BRIDGING_HEADER = "ImageLab/ImageLab-Bridging-Header.h";
				SWIFT_OPTIMIZATION_LEVEL = "-Onone";
			};
			name = Debug;
		};
		B650B3411D8340F0000114A1 /* Release */ = {
			isa = XCBuildConfiguration;
			buildSettings = {
				ALWAYS_EMBED_SWIFT_STANDARD_LIBRARIES = YES;
				ASSETCATALOG_COMPILER_APPICON_NAME = AppIcon;
				CLANG_ENABLE_MODULES = YES;
				DEVELOPMENT_TEAM = 5263K5LLWX;
				ENABLE_BITCODE = NO;
				FRAMEWORK_SEARCH_PATHS = (
					"$(inherited)",
					"$(PROJECT_DIR)/ImageDSPUtils",
				);
				INFOPLIST_FILE = ImageLab/Info.plist;
				IPHONEOS_DEPLOYMENT_TARGET = 11.0;
				LD_RUNPATH_SEARCH_PATHS = "$(inherited) @executable_path/Frameworks";
				PRODUCT_BUNDLE_IDENTIFIER = com.MobileSensing.Lab4;
				PRODUCT_NAME = "$(TARGET_NAME)";
				SWIFT_OBJC_BRIDGING_HEADER = "ImageLab/ImageLab-Bridging-Header.h";
			};
			name = Release;
		};
		B650B3431D8340F0000114A1 /* Debug */ = {
			isa = XCBuildConfiguration;
			buildSettings = {
				BUNDLE_LOADER = "$(TEST_HOST)";
				INFOPLIST_FILE = ImageLabTests/Info.plist;
				LD_RUNPATH_SEARCH_PATHS = "$(inherited) @executable_path/Frameworks @loader_path/Frameworks";
				PRODUCT_BUNDLE_IDENTIFIER = SMU.ImageLabTests;
				PRODUCT_NAME = "$(TARGET_NAME)";
				TEST_HOST = "$(BUILT_PRODUCTS_DIR)/ImageLab.app/ImageLab";
			};
			name = Debug;
		};
		B650B3441D8340F0000114A1 /* Release */ = {
			isa = XCBuildConfiguration;
			buildSettings = {
				BUNDLE_LOADER = "$(TEST_HOST)";
				INFOPLIST_FILE = ImageLabTests/Info.plist;
				LD_RUNPATH_SEARCH_PATHS = "$(inherited) @executable_path/Frameworks @loader_path/Frameworks";
				PRODUCT_BUNDLE_IDENTIFIER = SMU.ImageLabTests;
				PRODUCT_NAME = "$(TARGET_NAME)";
				TEST_HOST = "$(BUILT_PRODUCTS_DIR)/ImageLab.app/ImageLab";
			};
			name = Release;
		};
		B650B3461D8340F0000114A1 /* Debug */ = {
			isa = XCBuildConfiguration;
			buildSettings = {
				INFOPLIST_FILE = ImageLabUITests/Info.plist;
				LD_RUNPATH_SEARCH_PATHS = "$(inherited) @executable_path/Frameworks @loader_path/Frameworks";
				PRODUCT_BUNDLE_IDENTIFIER = SMU.ImageLabUITests;
				PRODUCT_NAME = "$(TARGET_NAME)";
				TEST_TARGET_NAME = ImageLab;
			};
			name = Debug;
		};
		B650B3471D8340F0000114A1 /* Release */ = {
			isa = XCBuildConfiguration;
			buildSettings = {
				INFOPLIST_FILE = ImageLabUITests/Info.plist;
				LD_RUNPATH_SEARCH_PATHS = "$(inherited) @executable_path/Frameworks @loader_path/Frameworks";
				PRODUCT_BUNDLE_IDENTIFIER = SMU.ImageLabUITests;
				PRODUCT_NAME = "$(TARGET_NAME)";
				TEST_TARGET_NAME = ImageLab;
			};
			name = Release;
		};
/* End XCBuildConfiguration section */

/* Begin XCConfigurationList section */
		B650B3121D8340F0000114A1 /* Build configuration list for PBXProject "ImageLab" */ = {
			isa = XCConfigurationList;
			buildConfigurations = (
				B650B33D1D8340F0000114A1 /* Debug */,
				B650B33E1D8340F0000114A1 /* Release */,
			);
			defaultConfigurationIsVisible = 0;
			defaultConfigurationName = Release;
		};
		B650B33F1D8340F0000114A1 /* Build configuration list for PBXNativeTarget "ImageLab" */ = {
			isa = XCConfigurationList;
			buildConfigurations = (
				B650B3401D8340F0000114A1 /* Debug */,
				B650B3411D8340F0000114A1 /* Release */,
			);
			defaultConfigurationIsVisible = 0;
			defaultConfigurationName = Release;
		};
		B650B3421D8340F0000114A1 /* Build configuration list for PBXNativeTarget "ImageLabTests" */ = {
			isa = XCConfigurationList;
			buildConfigurations = (
				B650B3431D8340F0000114A1 /* Debug */,
				B650B3441D8340F0000114A1 /* Release */,
			);
			defaultConfigurationIsVisible = 0;
			defaultConfigurationName = Release;
		};
		B650B3451D8340F0000114A1 /* Build configuration list for PBXNativeTarget "ImageLabUITests" */ = {
			isa = XCConfigurationList;
			buildConfigurations = (
				B650B3461D8340F0000114A1 /* Debug */,
				B650B3471D8340F0000114A1 /* Release */,
			);
			defaultConfigurationIsVisible = 0;
			defaultConfigurationName = Release;
		};
/* End XCConfigurationList section */
	};
	rootObject = B650B30F1D8340F0000114A1 /* Project object */;
}
