// !$*UTF8*$!
{
	archiveVersion = 1;
	classes = {
	};
	objectVersion = 50;
	objects = {

/* Begin PBXBuildFile section */
		A30158C12132206400E5A9EF /* Main.storyboard in Resources */ = {isa = PBXBuildFile; fileRef = A30158BF2132206400E5A9EF /* Main.storyboard */; };
		A30158C62132206500E5A9EF /* Assets.xcassets in Resources */ = {isa = PBXBuildFile; fileRef = A30158C52132206500E5A9EF /* Assets.xcassets */; };
		A30158C92132206500E5A9EF /* LaunchScreen.storyboard in Resources */ = {isa = PBXBuildFile; fileRef = A30158C72132206500E5A9EF /* LaunchScreen.storyboard */; };
		A30158CC2132206500E5A9EF /* main.m in Sources */ = {isa = PBXBuildFile; fileRef = A30158CB2132206500E5A9EF /* main.m */; };
		A397D2892135A469008A7673 /* WorkoutViewController.m in Sources */ = {isa = PBXBuildFile; fileRef = A397D2882135A469008A7673 /* WorkoutViewController.m */; };
		A3C1949221330A620027FFAB /* AppDelegate.m in Sources */ = {isa = PBXBuildFile; fileRef = A3C1949121330A620027FFAB /* AppDelegate.m */; };
		A3C1949A21330DCE0027FFAB /* ViewController.m in Sources */ = {isa = PBXBuildFile; fileRef = A3C1949921330DCE0027FFAB /* ViewController.m */; };
		A3C1949D21330EE50027FFAB /* Lab1.xcdatamodeld in Sources */ = {isa = PBXBuildFile; fileRef = A3C1949B21330EE50027FFAB /* Lab1.xcdatamodeld */; };
		A3E4AB1D21360E5C0012CE3D /* NewWorkoutViewController.m in Sources */ = {isa = PBXBuildFile; fileRef = A3E4AB1C21360E5C0012CE3D /* NewWorkoutViewController.m */; };
		A3E4AB20213610EF0012CE3D /* WorkoutDetailViewController.m in Sources */ = {isa = PBXBuildFile; fileRef = A3E4AB1F213610EF0012CE3D /* WorkoutDetailViewController.m */; };
		F86E7E9C213478620092D758 /* WorkoutModel.m in Sources */ = {isa = PBXBuildFile; fileRef = F86E7E9B213478620092D758 /* WorkoutModel.m */; };
/* End PBXBuildFile section */

/* Begin PBXFileReference section */
		A30158B62132206400E5A9EF /* Lab1.app */ = {isa = PBXFileReference; explicitFileType = wrapper.application; includeInIndex = 0; path = Lab1.app; sourceTree = BUILT_PRODUCTS_DIR; };
		A30158C02132206400E5A9EF /* Base */ = {isa = PBXFileReference; lastKnownFileType = file.storyboard; name = Base; path = Base.lproj/Main.storyboard; sourceTree = "<group>"; };
		A30158C52132206500E5A9EF /* Assets.xcassets */ = {isa = PBXFileReference; lastKnownFileType = folder.assetcatalog; path = Assets.xcassets; sourceTree = "<group>"; };
		A30158C82132206500E5A9EF /* Base */ = {isa = PBXFileReference; lastKnownFileType = file.storyboard; name = Base; path = Base.lproj/LaunchScreen.storyboard; sourceTree = "<group>"; };
		A30158CB2132206500E5A9EF /* main.m */ = {isa = PBXFileReference; lastKnownFileType = sourcecode.c.objc; path = main.m; sourceTree = "<group>"; };
		A397D2872135A469008A7673 /* WorkoutViewController.h */ = {isa = PBXFileReference; lastKnownFileType = sourcecode.c.h; path = WorkoutViewController.h; sourceTree = "<group>"; };
		A397D2882135A469008A7673 /* WorkoutViewController.m */ = {isa = PBXFileReference; lastKnownFileType = sourcecode.c.objc; path = WorkoutViewController.m; sourceTree = "<group>"; };
		A3C1949021330A620027FFAB /* AppDelegate.h */ = {isa = PBXFileReference; fileEncoding = 4; lastKnownFileType = sourcecode.c.h; path = AppDelegate.h; sourceTree = "<group>"; };
		A3C1949121330A620027FFAB /* AppDelegate.m */ = {isa = PBXFileReference; fileEncoding = 4; lastKnownFileType = sourcecode.c.objc; path = AppDelegate.m; sourceTree = "<group>"; };
		A3C1949321330B6C0027FFAB /* Info.plist */ = {isa = PBXFileReference; fileEncoding = 4; lastKnownFileType = text.plist.xml; path = Info.plist; sourceTree = "<group>"; };
		A3C1949821330DCE0027FFAB /* ViewController.h */ = {isa = PBXFileReference; fileEncoding = 4; lastKnownFileType = sourcecode.c.h; path = ViewController.h; sourceTree = "<group>"; };
		A3C1949921330DCE0027FFAB /* ViewController.m */ = {isa = PBXFileReference; fileEncoding = 4; lastKnownFileType = sourcecode.c.objc; path = ViewController.m; sourceTree = "<group>"; };
		A3C1949C21330EE50027FFAB /* Lab1.xcdatamodel */ = {isa = PBXFileReference; lastKnownFileType = wrapper.xcdatamodel; path = Lab1.xcdatamodel; sourceTree = "<group>"; };
		A3E4AB1B21360E5C0012CE3D /* NewWorkoutViewController.h */ = {isa = PBXFileReference; lastKnownFileType = sourcecode.c.h; path = NewWorkoutViewController.h; sourceTree = "<group>"; };
		A3E4AB1C21360E5C0012CE3D /* NewWorkoutViewController.m */ = {isa = PBXFileReference; lastKnownFileType = sourcecode.c.objc; path = NewWorkoutViewController.m; sourceTree = "<group>"; };
		A3E4AB1E213610EF0012CE3D /* WorkoutDetailViewController.h */ = {isa = PBXFileReference; lastKnownFileType = sourcecode.c.h; path = WorkoutDetailViewController.h; sourceTree = "<group>"; };
		A3E4AB1F213610EF0012CE3D /* WorkoutDetailViewController.m */ = {isa = PBXFileReference; lastKnownFileType = sourcecode.c.objc; path = WorkoutDetailViewController.m; sourceTree = "<group>"; };
		F86E7E85213437080092D758 /* Set+CoreDataProperties.h */ = {isa = PBXFileReference; lastKnownFileType = sourcecode.c.h; path = "Set+CoreDataProperties.h"; sourceTree = "<group>"; };
		F86E7E86213437080092D758 /* Set+CoreDataClass.h */ = {isa = PBXFileReference; lastKnownFileType = sourcecode.c.h; path = "Set+CoreDataClass.h"; sourceTree = "<group>"; };
		F86E7E87213437080092D758 /* Set+CoreDataClass.m */ = {isa = PBXFileReference; lastKnownFileType = sourcecode.c.objc; path = "Set+CoreDataClass.m"; sourceTree = "<group>"; };
		F86E7E88213437080092D758 /* Set+CoreDataProperties.m */ = {isa = PBXFileReference; lastKnownFileType = sourcecode.c.objc; path = "Set+CoreDataProperties.m"; sourceTree = "<group>"; };
		F86E7E89213437080092D758 /* Exercise+CoreDataProperties.h */ = {isa = PBXFileReference; lastKnownFileType = sourcecode.c.h; path = "Exercise+CoreDataProperties.h"; sourceTree = "<group>"; };
		F86E7E8A213437080092D758 /* Exercise+CoreDataClass.h */ = {isa = PBXFileReference; lastKnownFileType = sourcecode.c.h; path = "Exercise+CoreDataClass.h"; sourceTree = "<group>"; };
		F86E7E8B213437080092D758 /* Exercise+CoreDataClass.m */ = {isa = PBXFileReference; lastKnownFileType = sourcecode.c.objc; path = "Exercise+CoreDataClass.m"; sourceTree = "<group>"; };
		F86E7E8C213437080092D758 /* Exercise+CoreDataProperties.m */ = {isa = PBXFileReference; lastKnownFileType = sourcecode.c.objc; path = "Exercise+CoreDataProperties.m"; sourceTree = "<group>"; };
		F86E7E8D213437080092D758 /* Workout+CoreDataProperties.h */ = {isa = PBXFileReference; lastKnownFileType = sourcecode.c.h; path = "Workout+CoreDataProperties.h"; sourceTree = "<group>"; };
		F86E7E8E213437080092D758 /* Workout+CoreDataClass.h */ = {isa = PBXFileReference; lastKnownFileType = sourcecode.c.h; path = "Workout+CoreDataClass.h"; sourceTree = "<group>"; };
		F86E7E8F213437080092D758 /* Workout+CoreDataClass.m */ = {isa = PBXFileReference; lastKnownFileType = sourcecode.c.objc; path = "Workout+CoreDataClass.m"; sourceTree = "<group>"; };
		F86E7E90213437080092D758 /* Workout+CoreDataProperties.m */ = {isa = PBXFileReference; lastKnownFileType = sourcecode.c.objc; path = "Workout+CoreDataProperties.m"; sourceTree = "<group>"; };
		F86E7E98213452B40092D758 /* CoreData.framework */ = {isa = PBXFileReference; lastKnownFileType = wrapper.framework; name = CoreData.framework; path = System/Library/Frameworks/CoreData.framework; sourceTree = SDKROOT; };
		F86E7E9A213478620092D758 /* WorkoutModel.h */ = {isa = PBXFileReference; lastKnownFileType = sourcecode.c.h; path = WorkoutModel.h; sourceTree = "<group>"; };
		F86E7E9B213478620092D758 /* WorkoutModel.m */ = {isa = PBXFileReference; lastKnownFileType = sourcecode.c.objc; path = WorkoutModel.m; sourceTree = "<group>"; };
/* End PBXFileReference section */

/* Begin PBXFrameworksBuildPhase section */
		A30158B32132206400E5A9EF /* Frameworks */ = {
			isa = PBXFrameworksBuildPhase;
			buildActionMask = 2147483647;
			files = (
			);
			runOnlyForDeploymentPostprocessing = 0;
		};
/* End PBXFrameworksBuildPhase section */

/* Begin PBXGroup section */
		A30158AD2132206400E5A9EF = {
			isa = PBXGroup;
			children = (
				A30158B82132206400E5A9EF /* Lab1 */,
				A30158B72132206400E5A9EF /* Products */,
				F86E7E97213452B30092D758 /* Frameworks */,
			);
			sourceTree = "<group>";
		};
		A30158B72132206400E5A9EF /* Products */ = {
			isa = PBXGroup;
			children = (
				A30158B62132206400E5A9EF /* Lab1.app */,
			);
			name = Products;
			sourceTree = "<group>";
		};
		A30158B82132206400E5A9EF /* Lab1 */ = {
			isa = PBXGroup;
			children = (
				F8F6BB7521331A0D00EA340B /* Models */,
				A3C1949721330D850027FFAB /* Controllers */,
				A3C1949521330D570027FFAB /* Views */,
				A3C1948F21330A3D0027FFAB /* Support Files */,
				A30158BF2132206400E5A9EF /* Main.storyboard */,
				A30158C52132206500E5A9EF /* Assets.xcassets */,
				A30158C72132206500E5A9EF /* LaunchScreen.storyboard */,
				A30158CB2132206500E5A9EF /* main.m */,
			);
			path = Lab1;
			sourceTree = "<group>";
		};
		A3C1948F21330A3D0027FFAB /* Support Files */ = {
			isa = PBXGroup;
			children = (
				A3C1949B21330EE50027FFAB /* Lab1.xcdatamodeld */,
				A3C1949321330B6C0027FFAB /* Info.plist */,
				A3C1949021330A620027FFAB /* AppDelegate.h */,
				A3C1949121330A620027FFAB /* AppDelegate.m */,
			);
			path = "Support Files";
			sourceTree = "<group>";
		};
		A3C1949521330D570027FFAB /* Views */ = {
			isa = PBXGroup;
			children = (
			);
			path = Views;
			sourceTree = "<group>";
		};
		A3C1949721330D850027FFAB /* Controllers */ = {
			isa = PBXGroup;
			children = (
				A3E4AB1E213610EF0012CE3D /* WorkoutDetailViewController.h */,
				A3E4AB1F213610EF0012CE3D /* WorkoutDetailViewController.m */,
				A3E4AB1B21360E5C0012CE3D /* NewWorkoutViewController.h */,
				A3E4AB1C21360E5C0012CE3D /* NewWorkoutViewController.m */,
				A397D2872135A469008A7673 /* WorkoutViewController.h */,
				A397D2882135A469008A7673 /* WorkoutViewController.m */,
				A3C1949821330DCE0027FFAB /* ViewController.h */,
				A3C1949921330DCE0027FFAB /* ViewController.m */,
			);
			path = Controllers;
			sourceTree = "<group>";
		};
		F86E7E97213452B30092D758 /* Frameworks */ = {
			isa = PBXGroup;
			children = (
				F86E7E98213452B40092D758 /* CoreData.framework */,
			);
			name = Frameworks;
			sourceTree = "<group>";
		};
		F8F6BB7521331A0D00EA340B /* Models */ = {
			isa = PBXGroup;
			children = (
				F86E7E85213437080092D758 /* Set+CoreDataProperties.h */,
				F86E7E86213437080092D758 /* Set+CoreDataClass.h */,
				F86E7E87213437080092D758 /* Set+CoreDataClass.m */,
				F86E7E88213437080092D758 /* Set+CoreDataProperties.m */,
				F86E7E89213437080092D758 /* Exercise+CoreDataProperties.h */,
				F86E7E8A213437080092D758 /* Exercise+CoreDataClass.h */,
				F86E7E8B213437080092D758 /* Exercise+CoreDataClass.m */,
				F86E7E8C213437080092D758 /* Exercise+CoreDataProperties.m */,
				F86E7E8D213437080092D758 /* Workout+CoreDataProperties.h */,
				F86E7E8E213437080092D758 /* Workout+CoreDataClass.h */,
				F86E7E8F213437080092D758 /* Workout+CoreDataClass.m */,
				F86E7E90213437080092D758 /* Workout+CoreDataProperties.m */,
				F86E7E9A213478620092D758 /* WorkoutModel.h */,
				F86E7E9B213478620092D758 /* WorkoutModel.m */,
			);
			path = Models;
			sourceTree = "<group>";
		};
/* End PBXGroup section */

/* Begin PBXNativeTarget section */
		A30158B52132206400E5A9EF /* Lab1 */ = {
			isa = PBXNativeTarget;
			buildConfigurationList = A30158CF2132206500E5A9EF /* Build configuration list for PBXNativeTarget "Lab1" */;
			buildPhases = (
				A30158B22132206400E5A9EF /* Sources */,
				A30158B32132206400E5A9EF /* Frameworks */,
				A30158B42132206400E5A9EF /* Resources */,
			);
			buildRules = (
			);
			dependencies = (
			);
			name = Lab1;
			productName = Lab1;
			productReference = A30158B62132206400E5A9EF /* Lab1.app */;
			productType = "com.apple.product-type.application";
		};
/* End PBXNativeTarget section */

/* Begin PBXProject section */
		A30158AE2132206400E5A9EF /* Project object */ = {
			isa = PBXProject;
			attributes = {
				LastUpgradeCheck = 0930;
				ORGANIZATIONNAME = "Mobile Sensing";
				TargetAttributes = {
					A30158B52132206400E5A9EF = {
						CreatedOnToolsVersion = 9.3.1;
					};
				};
			};
			buildConfigurationList = A30158B12132206400E5A9EF /* Build configuration list for PBXProject "Lab1" */;
			compatibilityVersion = "Xcode 9.3";
			developmentRegion = en;
			hasScannedForEncodings = 0;
			knownRegions = (
				en,
				Base,
			);
			mainGroup = A30158AD2132206400E5A9EF;
			productRefGroup = A30158B72132206400E5A9EF /* Products */;
			projectDirPath = "";
			projectRoot = "";
			targets = (
				A30158B52132206400E5A9EF /* Lab1 */,
			);
		};
/* End PBXProject section */

/* Begin PBXResourcesBuildPhase section */
		A30158B42132206400E5A9EF /* Resources */ = {
			isa = PBXResourcesBuildPhase;
			buildActionMask = 2147483647;
			files = (
				A30158C92132206500E5A9EF /* LaunchScreen.storyboard in Resources */,
				A30158C62132206500E5A9EF /* Assets.xcassets in Resources */,
				A30158C12132206400E5A9EF /* Main.storyboard in Resources */,
			);
			runOnlyForDeploymentPostprocessing = 0;
		};
/* End PBXResourcesBuildPhase section */

/* Begin PBXSourcesBuildPhase section */
		A30158B22132206400E5A9EF /* Sources */ = {
			isa = PBXSourcesBuildPhase;
			buildActionMask = 2147483647;
			files = (
				A3C1949221330A620027FFAB /* AppDelegate.m in Sources */,
				A3E4AB1D21360E5C0012CE3D /* NewWorkoutViewController.m in Sources */,
				F86E7E9C213478620092D758 /* WorkoutModel.m in Sources */,
				A397D2892135A469008A7673 /* WorkoutViewController.m in Sources */,
				A3C1949D21330EE50027FFAB /* Lab1.xcdatamodeld in Sources */,
				A3E4AB20213610EF0012CE3D /* WorkoutDetailViewController.m in Sources */,
				A3C1949A21330DCE0027FFAB /* ViewController.m in Sources */,
				A30158CC2132206500E5A9EF /* main.m in Sources */,
			);
			runOnlyForDeploymentPostprocessing = 0;
		};
/* End PBXSourcesBuildPhase section */

/* Begin PBXVariantGroup section */
		A30158BF2132206400E5A9EF /* Main.storyboard */ = {
			isa = PBXVariantGroup;
			children = (
				A30158C02132206400E5A9EF /* Base */,
			);
			name = Main.storyboard;
			sourceTree = "<group>";
		};
		A30158C72132206500E5A9EF /* LaunchScreen.storyboard */ = {
			isa = PBXVariantGroup;
			children = (
				A30158C82132206500E5A9EF /* Base */,
			);
			name = LaunchScreen.storyboard;
			sourceTree = "<group>";
		};
/* End PBXVariantGroup section */

/* Begin XCBuildConfiguration section */
		A30158CD2132206500E5A9EF /* Debug */ = {
			isa = XCBuildConfiguration;
			buildSettings = {
				ALWAYS_SEARCH_USER_PATHS = NO;
				CLANG_ANALYZER_NONNULL = YES;
				CLANG_ANALYZER_NUMBER_OBJECT_CONVERSION = YES_AGGRESSIVE;
				CLANG_CXX_LANGUAGE_STANDARD = "gnu++14";
				CLANG_CXX_LIBRARY = "libc++";
				CLANG_ENABLE_MODULES = YES;
				CLANG_ENABLE_OBJC_ARC = YES;
				CLANG_ENABLE_OBJC_WEAK = YES;
				CLANG_WARN_BLOCK_CAPTURE_AUTORELEASING = YES;
				CLANG_WARN_BOOL_CONVERSION = YES;
				CLANG_WARN_COMMA = YES;
				CLANG_WARN_CONSTANT_CONVERSION = YES;
				CLANG_WARN_DEPRECATED_OBJC_IMPLEMENTATIONS = YES;
				CLANG_WARN_DIRECT_OBJC_ISA_USAGE = YES_ERROR;
				CLANG_WARN_DOCUMENTATION_COMMENTS = YES;
				CLANG_WARN_EMPTY_BODY = YES;
				CLANG_WARN_ENUM_CONVERSION = YES;
				CLANG_WARN_INFINITE_RECURSION = YES;
				CLANG_WARN_INT_CONVERSION = YES;
				CLANG_WARN_NON_LITERAL_NULL_CONVERSION = YES;
				CLANG_WARN_OBJC_IMPLICIT_RETAIN_SELF = YES;
				CLANG_WARN_OBJC_LITERAL_CONVERSION = YES;
				CLANG_WARN_OBJC_ROOT_CLASS = YES_ERROR;
				CLANG_WARN_RANGE_LOOP_ANALYSIS = YES;
				CLANG_WARN_STRICT_PROTOTYPES = YES;
				CLANG_WARN_SUSPICIOUS_MOVE = YES;
				CLANG_WARN_UNGUARDED_AVAILABILITY = YES_AGGRESSIVE;
				CLANG_WARN_UNREACHABLE_CODE = YES;
				CLANG_WARN__DUPLICATE_METHOD_MATCH = YES;
				CODE_SIGN_IDENTITY = "iPhone Developer";
				COPY_PHASE_STRIP = NO;
				DEBUG_INFORMATION_FORMAT = dwarf;
				ENABLE_STRICT_OBJC_MSGSEND = YES;
				ENABLE_TESTABILITY = YES;
				GCC_C_LANGUAGE_STANDARD = gnu11;
				GCC_DYNAMIC_NO_PIC = NO;
				GCC_NO_COMMON_BLOCKS = YES;
				GCC_OPTIMIZATION_LEVEL = 0;
				GCC_PREPROCESSOR_DEFINITIONS = (
					"DEBUG=1",
					"$(inherited)",
				);
				GCC_WARN_64_TO_32_BIT_CONVERSION = YES;
				GCC_WARN_ABOUT_RETURN_TYPE = YES_ERROR;
				GCC_WARN_UNDECLARED_SELECTOR = YES;
				GCC_WARN_UNINITIALIZED_AUTOS = YES_AGGRESSIVE;
				GCC_WARN_UNUSED_FUNCTION = YES;
				GCC_WARN_UNUSED_VARIABLE = YES;
				IPHONEOS_DEPLOYMENT_TARGET = 11.3;
				MTL_ENABLE_DEBUG_INFO = YES;
				ONLY_ACTIVE_ARCH = YES;
				SDKROOT = iphoneos;
			};
			name = Debug;
		};
		A30158CE2132206500E5A9EF /* Release */ = {
			isa = XCBuildConfiguration;
			buildSettings = {
				ALWAYS_SEARCH_USER_PATHS = NO;
				CLANG_ANALYZER_NONNULL = YES;
				CLANG_ANALYZER_NUMBER_OBJECT_CONVERSION = YES_AGGRESSIVE;
				CLANG_CXX_LANGUAGE_STANDARD = "gnu++14";
				CLANG_CXX_LIBRARY = "libc++";
				CLANG_ENABLE_MODULES = YES;
				CLANG_ENABLE_OBJC_ARC = YES;
				CLANG_ENABLE_OBJC_WEAK = YES;
				CLANG_WARN_BLOCK_CAPTURE_AUTORELEASING = YES;
				CLANG_WARN_BOOL_CONVERSION = YES;
				CLANG_WARN_COMMA = YES;
				CLANG_WARN_CONSTANT_CONVERSION = YES;
				CLANG_WARN_DEPRECATED_OBJC_IMPLEMENTATIONS = YES;
				CLANG_WARN_DIRECT_OBJC_ISA_USAGE = YES_ERROR;
				CLANG_WARN_DOCUMENTATION_COMMENTS = YES;
				CLANG_WARN_EMPTY_BODY = YES;
				CLANG_WARN_ENUM_CONVERSION = YES;
				CLANG_WARN_INFINITE_RECURSION = YES;
				CLANG_WARN_INT_CONVERSION = YES;
				CLANG_WARN_NON_LITERAL_NULL_CONVERSION = YES;
				CLANG_WARN_OBJC_IMPLICIT_RETAIN_SELF = YES;
				CLANG_WARN_OBJC_LITERAL_CONVERSION = YES;
				CLANG_WARN_OBJC_ROOT_CLASS = YES_ERROR;
				CLANG_WARN_RANGE_LOOP_ANALYSIS = YES;
				CLANG_WARN_STRICT_PROTOTYPES = YES;
				CLANG_WARN_SUSPICIOUS_MOVE = YES;
				CLANG_WARN_UNGUARDED_AVAILABILITY = YES_AGGRESSIVE;
				CLANG_WARN_UNREACHABLE_CODE = YES;
				CLANG_WARN__DUPLICATE_METHOD_MATCH = YES;
				CODE_SIGN_IDENTITY = "iPhone Developer";
				COPY_PHASE_STRIP = NO;
				DEBUG_INFORMATION_FORMAT = "dwarf-with-dsym";
				ENABLE_NS_ASSERTIONS = NO;
				ENABLE_STRICT_OBJC_MSGSEND = YES;
				GCC_C_LANGUAGE_STANDARD = gnu11;
				GCC_NO_COMMON_BLOCKS = YES;
				GCC_WARN_64_TO_32_BIT_CONVERSION = YES;
				GCC_WARN_ABOUT_RETURN_TYPE = YES_ERROR;
				GCC_WARN_UNDECLARED_SELECTOR = YES;
				GCC_WARN_UNINITIALIZED_AUTOS = YES_AGGRESSIVE;
				GCC_WARN_UNUSED_FUNCTION = YES;
				GCC_WARN_UNUSED_VARIABLE = YES;
				IPHONEOS_DEPLOYMENT_TARGET = 11.3;
				MTL_ENABLE_DEBUG_INFO = NO;
				SDKROOT = iphoneos;
				VALIDATE_PRODUCT = YES;
			};
			name = Release;
		};
		A30158D02132206500E5A9EF /* Debug */ = {
			isa = XCBuildConfiguration;
			buildSettings = {
				ASSETCATALOG_COMPILER_APPICON_NAME = AppIcon;
				CODE_SIGN_IDENTITY = "iPhone Developer";
				CODE_SIGN_STYLE = Automatic;
				DEVELOPMENT_TEAM = 554X9B982N;
				INFOPLIST_FILE = "$(SRCROOT)/Lab1/Support Files/Info.plist";
				LD_RUNPATH_SEARCH_PATHS = (
					"$(inherited)",
					"@executable_path/Frameworks",
				);
				PRODUCT_BUNDLE_IDENTIFIER = com.MobileSensingL.Lab1;
				PRODUCT_NAME = "$(TARGET_NAME)";
				PROVISIONING_PROFILE_SPECIFIER = "";
				TARGETED_DEVICE_FAMILY = "1,2";
			};
			name = Debug;
		};
		A30158D12132206500E5A9EF /* Release */ = {
			isa = XCBuildConfiguration;
			buildSettings = {
				ASSETCATALOG_COMPILER_APPICON_NAME = AppIcon;
				CODE_SIGN_IDENTITY = "iPhone Developer";
				CODE_SIGN_STYLE = Automatic;
				DEVELOPMENT_TEAM = 554X9B982N;
				INFOPLIST_FILE = "$(SRCROOT)/Lab1/Support Files/Info.plist";
				LD_RUNPATH_SEARCH_PATHS = (
					"$(inherited)",
					"@executable_path/Frameworks",
				);
				PRODUCT_BUNDLE_IDENTIFIER = com.MobileSensingL.Lab1;
				PRODUCT_NAME = "$(TARGET_NAME)";
				PROVISIONING_PROFILE_SPECIFIER = "";
				TARGETED_DEVICE_FAMILY = "1,2";
			};
			name = Release;
		};
/* End XCBuildConfiguration section */

/* Begin XCConfigurationList section */
		A30158B12132206400E5A9EF /* Build configuration list for PBXProject "Lab1" */ = {
			isa = XCConfigurationList;
			buildConfigurations = (
				A30158CD2132206500E5A9EF /* Debug */,
				A30158CE2132206500E5A9EF /* Release */,
			);
			defaultConfigurationIsVisible = 0;
			defaultConfigurationName = Release;
		};
		A30158CF2132206500E5A9EF /* Build configuration list for PBXNativeTarget "Lab1" */ = {
			isa = XCConfigurationList;
			buildConfigurations = (
				A30158D02132206500E5A9EF /* Debug */,
				A30158D12132206500E5A9EF /* Release */,
			);
			defaultConfigurationIsVisible = 0;
			defaultConfigurationName = Release;
		};
/* End XCConfigurationList section */

/* Begin XCVersionGroup section */
		A3C1949B21330EE50027FFAB /* Lab1.xcdatamodeld */ = {
			isa = XCVersionGroup;
			children = (
				A3C1949C21330EE50027FFAB /* Lab1.xcdatamodel */,
			);
			currentVersion = A3C1949C21330EE50027FFAB /* Lab1.xcdatamodel */;
			path = Lab1.xcdatamodeld;
			sourceTree = "<group>";
			versionGroupType = wrapper.xcdatamodel;
		};
/* End XCVersionGroup section */
	};
	rootObject = A30158AE2132206400E5A9EF /* Project object */;
}
